<?xml version="1.0"?>
<CONFIG>
  <ProjectOptions>
    <Version Value="9"/>
    <PathDelim Value="\"/>
    <General>
      <MainUnit Value="0"/>
      <ResourceType Value="res"/>
      <UseXPManifest Value="True"/>
      <Icon Value="0"/>
      <ActiveWindowIndexAtStart Value="0"/>
    </General>
    <i18n>
      <EnableI18N LFM="False"/>
    </i18n>
    <VersionInfo>
      <UseVersionInfo Value="True"/>
      <AutoIncrementBuild Value="True"/>
      <MinorVersionNr Value="2"/>
      <BuildNr Value="17"/>
      <Language Value="080A"/>
      <StringTable ProductVersion=""/>
    </VersionInfo>
    <BuildModes Count="1" Active="Default">
      <Item1 Name="Default" Default="True"/>
    </BuildModes>
    <PublishOptions>
      <Version Value="2"/>
      <IncludeFileFilter Value="*.(pas|pp|inc|lfm|lpr|lrs|lpi|lpk|sh|xml)"/>
      <ExcludeFileFilter Value="*.(bak|ppu|o|so);*~;backup"/>
    </PublishOptions>
    <RunParams>
      <local>
        <FormatVersion Value="1"/>
      </local>
    </RunParams>
    <RequiredPackages Count="9">
      <Item1>
        <PackageName Value="zmsql"/>
      </Item1>
      <Item2>
        <PackageName Value="MemDSLaz"/>
      </Item2>
      <Item3>
        <PackageName Value="pack_powerpdf"/>
        <MinVersion Minor="9" Release="7" Build="1" Valid="True"/>
      </Item3>
      <Item4>
        <PackageName Value="lazreportpdfexport"/>
        <MinVersion Minor="7" Valid="True"/>
      </Item4>
      <Item5>
        <PackageName Value="lazreport"/>
        <MinVersion Minor="9" Release="8" Valid="True"/>
      </Item5>
      <Item6>
        <PackageName Value="rxnew"/>
        <MinVersion Major="1" Minor="1" Release="4" Build="93" Valid="True"/>
      </Item6>
      <Item7>
        <PackageName Value="zcomponent"/>
        <MinVersion Major="6" Minor="6" Release="6" Valid="True"/>
      </Item7>
      <Item8>
        <PackageName Value="FCL"/>
        <MinVersion Major="1" Valid="True"/>
      </Item8>
      <Item9>
        <PackageName Value="LCL"/>
      </Item9>
    </RequiredPackages>
    <Units Count="53">
      <Unit0>
        <Filename Value="selrpt.lpr"/>
        <IsPartOfProject Value="True"/>
        <UnitName Value="selrpt"/>
        <WindowIndex Value="0"/>
        <TopLine Value="3"/>
        <CursorPos X="58" Y="32"/>
        <UsageCount Value="153"/>
      </Unit0>
      <Unit1>
        <Filename Value="frm_sellistado.pas"/>
        <IsPartOfProject Value="True"/>
        <ComponentName Value="frmSeleccionListado"/>
        <ResourceBaseClass Value="Form"/>
        <UnitName Value="frm_sellistado"/>
        <WindowIndex Value="0"/>
        <TopLine Value="219"/>
        <CursorPos X="18" Y="226"/>
        <UsageCount Value="153"/>
      </Unit1>
      <Unit2>
        <Filename Value="..\..\dmgeneral.pas"/>
        <IsPartOfProject Value="True"/>
        <ComponentName Value="DM_General"/>
        <HasResources Value="True"/>
        <ResourceBaseClass Value="DataModule"/>
        <UnitName Value="dmgeneral"/>
        <IsVisibleTab Value="True"/>
        <EditorIndex Value="1"/>
        <WindowIndex Value="0"/>
        <TopLine Value="534"/>
        <CursorPos X="15" Y="571"/>
        <UsageCount Value="138"/>
        <Loaded Value="True"/>
        <LoadedDesigner Value="True"/>
      </Unit2>
      <Unit3>
        <Filename Value="..\..\dmconexion.pas"/>
        <IsPartOfProject Value="True"/>
        <ComponentName Value="DM_Conexion"/>
        <HasResources Value="True"/>
        <ResourceBaseClass Value="DataModule"/>
        <UnitName Value="dmConexion"/>
        <EditorIndex Value="0"/>
        <WindowIndex Value="0"/>
        <TopLine Value="17"/>
        <CursorPos X="51" Y="45"/>
        <UsageCount Value="153"/>
        <Loaded Value="True"/>
        <LoadedDesigner Value="True"/>
      </Unit3>
      <Unit4>
        <Filename Value="..\..\SD_Configuracion.pas"/>
        <IsPartOfProject Value="True"/>
        <UnitName Value="SD_Configuracion"/>
        <WindowIndex Value="0"/>
        <TopLine Value="28"/>
        <CursorPos X="36" Y="39"/>
        <UsageCount Value="153"/>
      </Unit4>
      <Unit5>
        <Filename Value="dmseleccionlistado.pas"/>
        <IsPartOfProject Value="True"/>
        <ComponentName Value="DM_SeleccionListado"/>
        <HasResources Value="True"/>
        <ResourceBaseClass Value="DataModule"/>
        <UnitName Value="dmseleccionlistado"/>
        <WindowIndex Value="0"/>
        <TopLine Value="147"/>
        <CursorPos X="103" Y="165"/>
        <UsageCount Value="153"/>
      </Unit5>
      <Unit6>
        <Filename Value="frm_gruporemitos.pas"/>
        <IsPartOfProject Value="True"/>
        <ComponentName Value="frmGrupoRemitos"/>
        <HasResources Value="True"/>
        <ResourceBaseClass Value="Form"/>
        <UnitName Value="frm_gruporemitos"/>
        <WindowIndex Value="0"/>
        <TopLine Value="132"/>
        <CursorPos X="3" Y="163"/>
        <UsageCount Value="147"/>
      </Unit6>
      <Unit7>
        <Filename Value="dmgruporemitos.pas"/>
        <IsPartOfProject Value="True"/>
        <ComponentName Value="DM_GrupoRemitos"/>
        <HasResources Value="True"/>
        <ResourceBaseClass Value="DataModule"/>
        <UnitName Value="dmgruporemitos"/>
        <WindowIndex Value="0"/>
        <TopLine Value="84"/>
        <CursorPos X="93" Y="97"/>
        <UsageCount Value="147"/>
      </Unit7>
      <Unit8>
        <Filename Value="..\..\frm_busquedaclientes.pas"/>
        <IsPartOfProject Value="True"/>
        <ComponentName Value="frmBuscarCliente"/>
        <HasResources Value="True"/>
        <ResourceBaseClass Value="Form"/>
        <UnitName Value="frm_busquedaclientes"/>
        <WindowIndex Value="0"/>
        <TopLine Value="25"/>
        <CursorPos X="122" Y="35"/>
        <UsageCount Value="142"/>
      </Unit8>
      <Unit9>
        <Filename Value="..\..\dmbuscarcliente.pas"/>
        <IsPartOfProject Value="True"/>
        <ComponentName Value="DM_BuscarCliente"/>
        <HasResources Value="True"/>
        <ResourceBaseClass Value="DataModule"/>
        <UnitName Value="dmbuscarcliente"/>
        <WindowIndex Value="0"/>
        <TopLine Value="45"/>
        <CursorPos X="63" Y="59"/>
        <UsageCount Value="142"/>
      </Unit9>
      <Unit10>
        <Filename Value="..\..\..\..\..\Utiles\lazarus\lcl\controls.pp"/>
        <UnitName Value="Controls"/>
        <WindowIndex Value="0"/>
        <TopLine Value="99"/>
        <CursorPos X="3" Y="129"/>
        <UsageCount Value="1"/>
      </Unit10>
      <Unit11>
        <Filename Value="..\..\..\..\..\Utiles\lazarus\components\fpspreadsheet\uvirtuallayer_types.pas"/>
        <UnitName Value="uvirtuallayer_types"/>
        <WindowIndex Value="0"/>
        <TopLine Value="62"/>
        <CursorPos X="24" Y="77"/>
        <UsageCount Value="2"/>
      </Unit11>
      <Unit12>
        <Filename Value="..\..\..\..\..\Utiles\lazarus\components\lazreport\source\lr_class.pas"/>
        <UnitName Value="LR_Class"/>
        <WindowIndex Value="0"/>
        <TopLine Value="965"/>
        <CursorPos X="58" Y="978"/>
        <UsageCount Value="3"/>
      </Unit12>
      <Unit13>
        <Filename Value="dmgrupocuentas.pas"/>
        <IsPartOfProject Value="True"/>
        <ComponentName Value="DM_GrupoCuentas"/>
        <HasResources Value="True"/>
        <ResourceBaseClass Value="DataModule"/>
        <UnitName Value="dmgrupocuentas"/>
        <WindowIndex Value="0"/>
        <TopLine Value="240"/>
        <CursorPos X="53" Y="253"/>
        <UsageCount Value="131"/>
      </Unit13>
      <Unit14>
        <Filename Value="frm_grupocuentas.pas"/>
        <IsPartOfProject Value="True"/>
        <ComponentName Value="frmGrupoCuentas"/>
        <HasResources Value="True"/>
        <ResourceBaseClass Value="Form"/>
        <UnitName Value="frm_grupocuentas"/>
        <WindowIndex Value="0"/>
        <TopLine Value="83"/>
        <CursorPos X="43" Y="110"/>
        <UsageCount Value="131"/>
      </Unit14>
      <Unit15>
        <Filename Value="..\..\..\..\..\Utiles\lazarus\fpc\2.4.2\source\rtl\objpas\sysutils\datih.inc"/>
        <WindowIndex Value="0"/>
        <TopLine Value="121"/>
        <CursorPos X="19" Y="132"/>
        <UsageCount Value="2"/>
      </Unit15>
      <Unit16>
        <Filename Value="..\..\..\..\..\Utiles\lazarus\fpc\2.4.2\source\rtl\objpas\sysutils\sysinth.inc"/>
        <WindowIndex Value="0"/>
        <TopLine Value="30"/>
        <CursorPos X="3" Y="33"/>
        <UsageCount Value="2"/>
      </Unit16>
      <Unit17>
        <Filename Value="..\..\frm_proveedoreslistado.pas"/>
        <IsPartOfProject Value="True"/>
        <ComponentName Value="frmProveedoresListado"/>
        <HasResources Value="True"/>
        <ResourceBaseClass Value="Form"/>
        <UnitName Value="frm_proveedoreslistado"/>
        <WindowIndex Value="0"/>
        <TopLine Value="37"/>
        <CursorPos X="42" Y="20"/>
        <UsageCount Value="100"/>
      </Unit17>
      <Unit18>
        <Filename Value="..\..\frm_proveedoresae.pas"/>
        <IsPartOfProject Value="True"/>
        <HasResources Value="True"/>
        <UnitName Value="frm_proveedoresae"/>
        <UsageCount Value="100"/>
      </Unit18>
      <Unit19>
        <Filename Value="..\..\dmproveedores.pas"/>
        <IsPartOfProject Value="True"/>
        <ComponentName Value="DM_Proveedores"/>
        <HasResources Value="True"/>
        <ResourceBaseClass Value="DataModule"/>
        <UnitName Value="dmproveedores"/>
        <EditorIndex Value="3"/>
        <WindowIndex Value="0"/>
        <TopLine Value="315"/>
        <CursorPos X="23" Y="12"/>
        <UsageCount Value="100"/>
        <Loaded Value="True"/>
        <LoadedDesigner Value="True"/>
      </Unit19>
      <Unit20>
        <Filename Value="..\..\frm_plandecuentasae.pas"/>
        <IsPartOfProject Value="True"/>
        <HasResources Value="True"/>
        <UnitName Value="frm_plandecuentasae"/>
        <UsageCount Value="100"/>
      </Unit20>
      <Unit21>
        <Filename Value="..\..\dmplandecuentas.pas"/>
        <IsPartOfProject Value="True"/>
        <ComponentName Value="DM_PlanDeCuentas"/>
        <HasResources Value="True"/>
        <ResourceBaseClass Value="DataModule"/>
        <UnitName Value="dmplandecuentas"/>
        <EditorIndex Value="2"/>
        <WindowIndex Value="0"/>
        <TopLine Value="104"/>
        <CursorPos X="48" Y="106"/>
        <UsageCount Value="100"/>
        <Loaded Value="True"/>
        <LoadedDesigner Value="True"/>
      </Unit21>
      <Unit22>
        <Filename Value="..\..\frm_plandecuentaslistado.pas"/>
        <IsPartOfProject Value="True"/>
        <HasResources Value="True"/>
        <UnitName Value="frm_plandecuentaslistado"/>
        <UsageCount Value="100"/>
      </Unit22>
      <Unit23>
        <Filename Value="frm_grupoproveedores.pas"/>
        <IsPartOfProject Value="True"/>
        <ComponentName Value="frmGrupoProveedores"/>
        <HasResources Value="True"/>
        <ResourceBaseClass Value="Form"/>
        <UnitName Value="frm_grupoproveedores"/>
        <WindowIndex Value="0"/>
        <TopLine Value="28"/>
        <CursorPos X="123" Y="44"/>
        <UsageCount Value="96"/>
      </Unit23>
      <Unit24>
        <Filename Value="dmgrupoproveedores.pas"/>
        <IsPartOfProject Value="True"/>
        <ComponentName Value="DM_GrupoProveedores"/>
        <HasResources Value="True"/>
        <ResourceBaseClass Value="DataModule"/>
        <UnitName Value="dmgrupoproveedores"/>
        <WindowIndex Value="0"/>
        <TopLine Value="227"/>
        <CursorPos X="91" Y="235"/>
        <UsageCount Value="96"/>
      </Unit24>
      <Unit25>
        <Filename Value="frm_grupoprovpendientes.pas"/>
        <IsPartOfProject Value="True"/>
        <ComponentName Value="frmGrupoProveedoresPendientes"/>
        <ResourceBaseClass Value="Form"/>
        <UnitName Value="frm_grupoprovpendientes"/>
        <WindowIndex Value="0"/>
        <TopLine Value="47"/>
        <CursorPos X="48" Y="61"/>
        <UsageCount Value="77"/>
      </Unit25>
      <Unit26>
        <Filename Value="frm_subdiariocompras.pas"/>
        <IsPartOfProject Value="True"/>
        <ComponentName Value="frmSubdiarioCompras"/>
        <ResourceBaseClass Value="Form"/>
        <UnitName Value="frm_subdiariocompras"/>
        <WindowIndex Value="0"/>
        <TopLine Value="71"/>
        <CursorPos X="29" Y="75"/>
        <UsageCount Value="69"/>
      </Unit26>
      <Unit27>
        <Filename Value="..\..\..\..\..\Utiles\lazarus\fpc\2.4.2\source\rtl\objpas\dateutils.pp"/>
        <UnitName Value="dateutils"/>
        <WindowIndex Value="0"/>
        <TopLine Value="1"/>
        <CursorPos X="8" Y="1"/>
        <UsageCount Value="14"/>
      </Unit27>
      <Unit28>
        <Filename Value="..\..\..\..\..\Utiles\lazarus\fpc\2.4.2\source\rtl\objpas\dateutil.inc"/>
        <WindowIndex Value="0"/>
        <TopLine Value="131"/>
        <CursorPos X="10" Y="143"/>
        <UsageCount Value="14"/>
      </Unit28>
      <Unit29>
        <Filename Value="frm_subdiariopagos.pas"/>
        <IsPartOfProject Value="True"/>
        <ComponentName Value="frmSubdiarioDePagos"/>
        <HasResources Value="True"/>
        <ResourceBaseClass Value="Form"/>
        <UnitName Value="frm_subdiariopagos"/>
        <WindowIndex Value="0"/>
        <TopLine Value="59"/>
        <CursorPos X="1" Y="69"/>
        <UsageCount Value="65"/>
      </Unit29>
      <Unit30>
        <Filename Value="..\..\..\..\..\Utiles\lazarus\components\lazreport\source\addons\pdfexport\lr_e_pdf.pas"/>
        <UnitName Value="lr_e_pdf"/>
        <WindowIndex Value="0"/>
        <TopLine Value="318"/>
        <CursorPos X="3" Y="343"/>
        <UsageCount Value="10"/>
      </Unit30>
      <Unit31>
        <Filename Value="frm_detallepagos.pas"/>
        <IsPartOfProject Value="True"/>
        <ComponentName Value="frmDetallePagos"/>
        <ResourceBaseClass Value="Form"/>
        <UnitName Value="frm_detallepagos"/>
        <WindowIndex Value="0"/>
        <TopLine Value="49"/>
        <CursorPos X="3" Y="71"/>
        <UsageCount Value="58"/>
      </Unit31>
      <Unit32>
        <Filename Value="dmdetallepagos.pas"/>
        <IsPartOfProject Value="True"/>
        <ComponentName Value="DM_DetallePagos"/>
        <HasResources Value="True"/>
        <ResourceBaseClass Value="DataModule"/>
        <UnitName Value="dmdetallepagos"/>
        <WindowIndex Value="0"/>
        <TopLine Value="93"/>
        <CursorPos X="46" Y="104"/>
        <UsageCount Value="58"/>
      </Unit32>
      <Unit33>
        <Filename Value="frm_lstdetallegastos.pas"/>
        <IsPartOfProject Value="True"/>
        <ComponentName Value="Form1"/>
        <HasResources Value="True"/>
        <ResourceBaseClass Value="Form"/>
        <UnitName Value="frm_lstdetallegastos"/>
        <WindowIndex Value="0"/>
        <TopLine Value="1"/>
        <CursorPos X="49" Y="20"/>
        <UsageCount Value="47"/>
      </Unit33>
      <Unit34>
        <Filename Value="..\..\..\..\..\Utiles\lazarus\fpc\2.4.2\source\rtl\objpas\strutils.pp"/>
        <UnitName Value="strutils"/>
        <WindowIndex Value="0"/>
        <TopLine Value="139"/>
        <CursorPos X="28" Y="145"/>
        <UsageCount Value="11"/>
      </Unit34>
      <Unit35>
        <Filename Value="frm_compsaldoscompras.pas"/>
        <IsPartOfProject Value="True"/>
        <ComponentName Value="frmCompSaldosCompras"/>
        <HasResources Value="True"/>
        <ResourceBaseClass Value="Form"/>
        <UnitName Value="frm_compsaldoscompras"/>
        <WindowIndex Value="0"/>
        <TopLine Value="37"/>
        <CursorPos X="16" Y="51"/>
        <UsageCount Value="42"/>
      </Unit35>
      <Unit36>
        <Filename Value="dmsaldoscompras.pas"/>
        <IsPartOfProject Value="True"/>
        <ComponentName Value="DM_SaldosCompras"/>
        <HasResources Value="True"/>
        <ResourceBaseClass Value="DataModule"/>
        <UnitName Value="dmsaldoscompras"/>
        <WindowIndex Value="0"/>
        <TopLine Value="60"/>
        <CursorPos X="34" Y="78"/>
        <UsageCount Value="42"/>
      </Unit36>
      <Unit37>
        <Filename Value="frm_proveedorcuentacorriente.pas"/>
        <IsPartOfProject Value="True"/>
        <ComponentName Value="frmProveedorCuentaCorriente"/>
        <HasResources Value="True"/>
        <ResourceBaseClass Value="Form"/>
        <UnitName Value="frm_proveedorcuentacorriente"/>
        <WindowIndex Value="0"/>
        <TopLine Value="108"/>
        <CursorPos X="47" Y="76"/>
        <UsageCount Value="37"/>
      </Unit37>
      <Unit38>
        <Filename Value="dmproveedorcc.pas"/>
        <IsPartOfProject Value="True"/>
        <ComponentName Value="DM_ProveedorCC"/>
        <HasResources Value="True"/>
        <ResourceBaseClass Value="DataModule"/>
        <UnitName Value="dmproveedorcc"/>
        <WindowIndex Value="0"/>
        <TopLine Value="216"/>
        <CursorPos X="21" Y="218"/>
        <UsageCount Value="37"/>
      </Unit38>
      <Unit39>
        <Filename Value="..\..\..\..\..\Utiles\lazarus\components\rxfpc\rxmemds.pas"/>
        <UnitName Value="rxmemds"/>
        <WindowIndex Value="0"/>
        <TopLine Value="1"/>
        <CursorPos X="1" Y="1"/>
        <UsageCount Value="11"/>
        <Bookmarks Count="1">
          <Item0 X="3" Y="1354" ID="1"/>
        </Bookmarks>
      </Unit39>
      <Unit40>
        <Filename Value="..\..\..\..\..\Utiles\lazarus\components\zeos\src\component\ZDataset.pas"/>
        <UnitName Value="ZDataset"/>
        <WindowIndex Value="0"/>
        <TopLine Value="66"/>
        <CursorPos X="3" Y="85"/>
        <UsageCount Value="10"/>
      </Unit40>
      <Unit41>
        <Filename Value="..\..\..\..\..\Utiles\lazarus\fpc\2.4.2\source\packages\fcl-db\src\base\db.pas"/>
        <UnitName Value="db"/>
        <WindowIndex Value="0"/>
        <TopLine Value="1142"/>
        <CursorPos X="17" Y="1161"/>
        <UsageCount Value="11"/>
      </Unit41>
      <Unit42>
        <Filename Value="..\..\..\..\..\Utiles\lazarus\fpc\2.4.2\source\packages\fcl-db\src\base\dataset.inc"/>
        <WindowIndex Value="0"/>
        <TopLine Value="1100"/>
        <CursorPos X="1" Y="1108"/>
        <UsageCount Value="11"/>
      </Unit42>
      <Unit43>
        <Filename Value="..\..\..\..\..\Utiles\lazarus\components\rxnew\folderlister.pas"/>
        <UnitName Value="folderlister"/>
        <WindowIndex Value="0"/>
        <TopLine Value="162"/>
        <CursorPos X="49" Y="170"/>
        <UsageCount Value="10"/>
      </Unit43>
      <Unit44>
        <Filename Value="..\..\..\..\..\Utiles\lazarus\components\rxnew\rxmemds.pas"/>
        <UnitName Value="rxmemds"/>
        <WindowIndex Value="0"/>
        <TopLine Value="1633"/>
        <CursorPos X="3" Y="1614"/>
        <UsageCount Value="10"/>
      </Unit44>
      <Unit45>
        <Filename Value="..\..\..\..\..\Utiles\lazarus\components\fpspreadsheet\laz_fpspreadsheet.pas"/>
        <UnitName Value="laz_fpspreadsheet"/>
        <WindowIndex Value="0"/>
        <TopLine Value="1"/>
        <CursorPos X="43" Y="10"/>
        <UsageCount Value="10"/>
      </Unit45>
      <Unit46>
        <Filename Value="dmproveedorcc.lfm"/>
        <WindowIndex Value="0"/>
        <TopLine Value="1"/>
        <CursorPos X="49" Y="17"/>
        <UsageCount Value="10"/>
        <DefaultSyntaxHighlighter Value="LFM"/>
      </Unit46>
      <Unit47>
        <Filename Value="E:\Trabajo\Utiles\lazarus\lcl\include\control.inc"/>
        <WindowIndex Value="0"/>
        <TopLine Value="2094"/>
        <CursorPos X="1" Y="2112"/>
        <UsageCount Value="10"/>
      </Unit47>
      <Unit48>
        <Filename Value="E:\Trabajo\Utiles\lazarus\lcl\include\buttoncontrol.inc"/>
        <WindowIndex Value="0"/>
        <TopLine Value="8"/>
        <CursorPos X="1" Y="22"/>
        <UsageCount Value="10"/>
      </Unit48>
      <Unit49>
        <Filename Value="E:\Trabajo\Utiles\lazarus\lcl\include\buttons.inc"/>
        <WindowIndex Value="0"/>
        <TopLine Value="157"/>
        <CursorPos X="1" Y="176"/>
        <UsageCount Value="10"/>
      </Unit49>
      <Unit50>
        <Filename Value="E:\Trabajo\Utiles\lazarus\lcl\include\bitbtn.inc"/>
        <WindowIndex Value="0"/>
        <TopLine Value="40"/>
        <CursorPos X="1" Y="59"/>
        <UsageCount Value="10"/>
      </Unit50>
      <Unit51>
        <Filename Value="E:\Trabajo\Utiles\lazarus\lcl\include\wincontrol.inc"/>
        <WindowIndex Value="0"/>
        <TopLine Value="5314"/>
        <CursorPos X="1" Y="5323"/>
        <UsageCount Value="10"/>
      </Unit51>
      <Unit52>
        <Filename Value="E:\Trabajo\Utiles\lazarus\lcl\lclmessageglue.pas"/>
        <UnitName Value="LCLMessageGlue"/>
        <WindowIndex Value="0"/>
        <TopLine Value="106"/>
        <CursorPos X="1" Y="124"/>
        <UsageCount Value="10"/>
      </Unit52>
    </Units>
    <JumpHistory Count="4" HistoryIndex="3">
      <Position1>
        <Filename Value="..\..\dmplandecuentas.pas"/>
        <Caret Line="5" Column="56" TopLine="103"/>
      </Position1>
      <Position2>
        <Filename Value="..\..\dmproveedores.pas"/>
        <Caret Line="42" Column="1" TopLine="5"/>
      </Position2>
      <Position3>
        <Filename Value="..\..\dmproveedores.pas"/>
        <Caret Line="12" Column="23" TopLine="314"/>
      </Position3>
      <Position4>
        <Filename Value="..\..\dmgeneral.pas"/>
        <Caret Line="90" Column="77" TopLine="109"/>
      </Position4>
    </JumpHistory>
  </ProjectOptions>
  <CompilerOptions>
    <Version Value="11"/>
    <PathDelim Value="\"/>
    <Target>
      <Filename Value="selrpt"/>
    </Target>
    <SearchPaths>
      <IncludeFiles Value="$(ProjOutDir)"/>
      <OtherUnitFiles Value="..;..\..;E:\Trabajo\Utiles\lazarus\components\fpspreadsheet\"/>
      <UnitOutputDirectory Value="lib\$(TargetCPU)-$(TargetOS)"/>
    </SearchPaths>
    <Linking>
      <Options>
        <Win32>
          <GraphicApplication Value="True"/>
        </Win32>
      </Options>
    </Linking>
    <Other>
      <CompilerMessages>
        <UseMsgFile Value="True"/>
      </CompilerMessages>
      <CompilerPath Value="$(CompPath)"/>
    </Other>
  </CompilerOptions>
  <Debugging>
    <Exceptions Count="3">
      <Item1>
        <Name Value="EAbort"/>
      </Item1>
      <Item2>
        <Name Value="ECodetoolError"/>
      </Item2>
      <Item3>
        <Name Value="EFOpenError"/>
      </Item3>
    </Exceptions>
  </Debugging>
</CONFIG>
