<?xml version="1.0"?>
<CONFIG>
  <ProjectOptions>
    <Version Value="9"/>
    <PathDelim Value="\"/>
    <General>
      <MainUnit Value="0"/>
      <ResourceType Value="res"/>
      <UseXPManifest Value="True"/>
      <Icon Value="0"/>
      <ActiveWindowIndexAtStart Value="0"/>
    </General>
    <i18n>
      <EnableI18N LFM="False"/>
    </i18n>
    <VersionInfo>
      <UseVersionInfo Value="True"/>
      <AutoIncrementBuild Value="True"/>
      <MinorVersionNr Value="2"/>
      <BuildNr Value="3"/>
      <Language Value="080A"/>
      <StringTable ProductVersion=""/>
    </VersionInfo>
    <BuildModes Count="1" Active="Default">
      <Item1 Name="Default" Default="True"/>
    </BuildModes>
    <PublishOptions>
      <Version Value="2"/>
      <IncludeFileFilter Value="*.(pas|pp|inc|lfm|lpr|lrs|lpi|lpk|sh|xml)"/>
      <ExcludeFileFilter Value="*.(bak|ppu|o|so);*~;backup"/>
    </PublishOptions>
    <RunParams>
      <local>
        <FormatVersion Value="1"/>
      </local>
    </RunParams>
    <RequiredPackages Count="7">
      <Item1>
        <PackageName Value="pack_powerpdf"/>
        <MinVersion Minor="9" Release="7" Build="1" Valid="True"/>
      </Item1>
      <Item2>
        <PackageName Value="lazreportpdfexport"/>
        <MinVersion Minor="7" Valid="True"/>
      </Item2>
      <Item3>
        <PackageName Value="lazreport"/>
        <MinVersion Minor="9" Release="8" Valid="True"/>
      </Item3>
      <Item4>
        <PackageName Value="rxnew"/>
        <MinVersion Major="1" Minor="1" Release="4" Build="93" Valid="True"/>
      </Item4>
      <Item5>
        <PackageName Value="zcomponent"/>
        <MinVersion Major="6" Minor="6" Release="6" Valid="True"/>
      </Item5>
      <Item6>
        <PackageName Value="FCL"/>
        <MinVersion Major="1" Valid="True"/>
      </Item6>
      <Item7>
        <PackageName Value="LCL"/>
      </Item7>
    </RequiredPackages>
    <Units Count="30">
      <Unit0>
        <Filename Value="selrpt.lpr"/>
        <IsPartOfProject Value="True"/>
        <UnitName Value="selrpt"/>
        <EditorIndex Value="5"/>
        <WindowIndex Value="0"/>
        <TopLine Value="11"/>
        <CursorPos X="1" Y="32"/>
        <UsageCount Value="109"/>
        <Loaded Value="True"/>
      </Unit0>
      <Unit1>
        <Filename Value="frm_sellistado.pas"/>
        <IsPartOfProject Value="True"/>
        <ComponentName Value="frmSeleccionListado"/>
        <ResourceBaseClass Value="Form"/>
        <UnitName Value="frm_sellistado"/>
        <EditorIndex Value="0"/>
        <WindowIndex Value="0"/>
        <TopLine Value="177"/>
        <CursorPos X="33" Y="187"/>
        <UsageCount Value="109"/>
        <Loaded Value="True"/>
        <LoadedDesigner Value="True"/>
      </Unit1>
      <Unit2>
        <Filename Value="..\..\dmgeneral.pas"/>
        <IsPartOfProject Value="True"/>
        <ComponentName Value="DM_General"/>
        <HasResources Value="True"/>
        <ResourceBaseClass Value="DataModule"/>
        <UnitName Value="dmgeneral"/>
        <WindowIndex Value="0"/>
        <TopLine Value="22"/>
        <CursorPos X="86" Y="30"/>
        <UsageCount Value="94"/>
        <Bookmarks Count="1">
          <Item0 X="25" Y="454" ID="1"/>
        </Bookmarks>
      </Unit2>
      <Unit3>
        <Filename Value="..\..\dmconexion.pas"/>
        <IsPartOfProject Value="True"/>
        <ComponentName Value="DM_Conexion"/>
        <HasResources Value="True"/>
        <ResourceBaseClass Value="DataModule"/>
        <UnitName Value="dmConexion"/>
        <WindowIndex Value="0"/>
        <TopLine Value="1"/>
        <CursorPos X="1" Y="1"/>
        <UsageCount Value="109"/>
      </Unit3>
      <Unit4>
        <Filename Value="..\..\SD_Configuracion.pas"/>
        <IsPartOfProject Value="True"/>
        <UnitName Value="SD_Configuracion"/>
        <WindowIndex Value="0"/>
        <TopLine Value="28"/>
        <CursorPos X="36" Y="39"/>
        <UsageCount Value="109"/>
      </Unit4>
      <Unit5>
        <Filename Value="dmseleccionlistado.pas"/>
        <IsPartOfProject Value="True"/>
        <ComponentName Value="DM_SeleccionListado"/>
        <ResourceBaseClass Value="DataModule"/>
        <UnitName Value="dmseleccionlistado"/>
        <EditorIndex Value="1"/>
        <WindowIndex Value="0"/>
        <TopLine Value="132"/>
        <CursorPos X="56" Y="126"/>
        <UsageCount Value="109"/>
        <Loaded Value="True"/>
        <LoadedDesigner Value="True"/>
      </Unit5>
      <Unit6>
        <Filename Value="frm_gruporemitos.pas"/>
        <IsPartOfProject Value="True"/>
        <ComponentName Value="frmGrupoRemitos"/>
        <ResourceBaseClass Value="Form"/>
        <UnitName Value="frm_gruporemitos"/>
        <WindowIndex Value="0"/>
        <TopLine Value="148"/>
        <CursorPos X="37" Y="148"/>
        <UsageCount Value="103"/>
      </Unit6>
      <Unit7>
        <Filename Value="dmgruporemitos.pas"/>
        <IsPartOfProject Value="True"/>
        <ComponentName Value="DM_GrupoRemitos"/>
        <ResourceBaseClass Value="DataModule"/>
        <UnitName Value="dmgruporemitos"/>
        <WindowIndex Value="0"/>
        <TopLine Value="110"/>
        <CursorPos X="70" Y="156"/>
        <UsageCount Value="103"/>
      </Unit7>
      <Unit8>
        <Filename Value="..\..\frm_busquedaclientes.pas"/>
        <IsPartOfProject Value="True"/>
        <ComponentName Value="frmBuscarCliente"/>
        <HasResources Value="True"/>
        <ResourceBaseClass Value="Form"/>
        <UnitName Value="frm_busquedaclientes"/>
        <WindowIndex Value="0"/>
        <TopLine Value="21"/>
        <CursorPos X="3" Y="56"/>
        <UsageCount Value="98"/>
      </Unit8>
      <Unit9>
        <Filename Value="..\..\dmbuscarcliente.pas"/>
        <IsPartOfProject Value="True"/>
        <ComponentName Value="DM_BuscarCliente"/>
        <HasResources Value="True"/>
        <ResourceBaseClass Value="DataModule"/>
        <UnitName Value="dmbuscarcliente"/>
        <UsageCount Value="98"/>
      </Unit9>
      <Unit10>
        <Filename Value="..\..\..\..\..\Utiles\lazarus\lcl\controls.pp"/>
        <UnitName Value="Controls"/>
        <WindowIndex Value="0"/>
        <TopLine Value="99"/>
        <CursorPos X="3" Y="129"/>
        <UsageCount Value="3"/>
      </Unit10>
      <Unit11>
        <Filename Value="..\..\..\..\..\Utiles\lazarus\components\fpspreadsheet\uvirtuallayer_types.pas"/>
        <UnitName Value="uvirtuallayer_types"/>
        <WindowIndex Value="0"/>
        <TopLine Value="62"/>
        <CursorPos X="24" Y="77"/>
        <UsageCount Value="4"/>
      </Unit11>
      <Unit12>
        <Filename Value="..\..\..\..\..\Utiles\lazarus\components\lazreport\source\lr_class.pas"/>
        <UnitName Value="LR_Class"/>
        <WindowIndex Value="0"/>
        <TopLine Value="965"/>
        <CursorPos X="58" Y="978"/>
        <UsageCount Value="5"/>
      </Unit12>
      <Unit13>
        <Filename Value="dmgrupocuentas.pas"/>
        <IsPartOfProject Value="True"/>
        <ComponentName Value="DM_GrupoCuentas"/>
        <HasResources Value="True"/>
        <ResourceBaseClass Value="DataModule"/>
        <UnitName Value="dmgrupocuentas"/>
        <EditorIndex Value="3"/>
        <WindowIndex Value="0"/>
        <TopLine Value="390"/>
        <CursorPos X="66" Y="408"/>
        <UsageCount Value="87"/>
        <Loaded Value="True"/>
        <LoadedDesigner Value="True"/>
      </Unit13>
      <Unit14>
        <Filename Value="frm_grupocuentas.pas"/>
        <IsPartOfProject Value="True"/>
        <ComponentName Value="frmGrupoCuentas"/>
        <HasResources Value="True"/>
        <ResourceBaseClass Value="Form"/>
        <UnitName Value="frm_grupocuentas"/>
        <EditorIndex Value="2"/>
        <WindowIndex Value="0"/>
        <TopLine Value="43"/>
        <CursorPos X="20" Y="9"/>
        <UsageCount Value="87"/>
        <Loaded Value="True"/>
        <LoadedDesigner Value="True"/>
      </Unit14>
      <Unit15>
        <Filename Value="..\..\..\..\..\Utiles\lazarus\fpc\2.4.2\source\rtl\objpas\sysutils\datih.inc"/>
        <WindowIndex Value="0"/>
        <TopLine Value="121"/>
        <CursorPos X="19" Y="132"/>
        <UsageCount Value="4"/>
      </Unit15>
      <Unit16>
        <Filename Value="..\..\..\..\..\Utiles\lazarus\fpc\2.4.2\source\rtl\objpas\sysutils\sysinth.inc"/>
        <WindowIndex Value="0"/>
        <TopLine Value="30"/>
        <CursorPos X="3" Y="33"/>
        <UsageCount Value="4"/>
      </Unit16>
      <Unit17>
        <Filename Value="..\..\frm_proveedoreslistado.pas"/>
        <IsPartOfProject Value="True"/>
        <ComponentName Value="frmProveedoresListado"/>
        <HasResources Value="True"/>
        <ResourceBaseClass Value="Form"/>
        <UnitName Value="frm_proveedoreslistado"/>
        <WindowIndex Value="0"/>
        <TopLine Value="37"/>
        <CursorPos X="42" Y="20"/>
        <UsageCount Value="56"/>
      </Unit17>
      <Unit18>
        <Filename Value="..\..\frm_proveedoresae.pas"/>
        <IsPartOfProject Value="True"/>
        <HasResources Value="True"/>
        <UnitName Value="frm_proveedoresae"/>
        <UsageCount Value="56"/>
      </Unit18>
      <Unit19>
        <Filename Value="..\..\dmproveedores.pas"/>
        <IsPartOfProject Value="True"/>
        <ComponentName Value="DM_Proveedores"/>
        <HasResources Value="True"/>
        <ResourceBaseClass Value="DataModule"/>
        <UnitName Value="dmproveedores"/>
        <WindowIndex Value="0"/>
        <TopLine Value="1"/>
        <CursorPos X="79" Y="9"/>
        <UsageCount Value="56"/>
      </Unit19>
      <Unit20>
        <Filename Value="..\..\frm_plandecuentasae.pas"/>
        <IsPartOfProject Value="True"/>
        <HasResources Value="True"/>
        <UnitName Value="frm_plandecuentasae"/>
        <UsageCount Value="56"/>
      </Unit20>
      <Unit21>
        <Filename Value="..\..\dmplandecuentas.pas"/>
        <IsPartOfProject Value="True"/>
        <HasResources Value="True"/>
        <UnitName Value="dmplandecuentas"/>
        <WindowIndex Value="0"/>
        <TopLine Value="1"/>
        <CursorPos X="45" Y="17"/>
        <UsageCount Value="56"/>
      </Unit21>
      <Unit22>
        <Filename Value="..\..\frm_plandecuentaslistado.pas"/>
        <IsPartOfProject Value="True"/>
        <HasResources Value="True"/>
        <UnitName Value="frm_plandecuentaslistado"/>
        <UsageCount Value="56"/>
      </Unit22>
      <Unit23>
        <Filename Value="frm_grupoproveedores.pas"/>
        <IsPartOfProject Value="True"/>
        <ComponentName Value="frmGrupoProveedores"/>
        <ResourceBaseClass Value="Form"/>
        <UnitName Value="frm_grupoproveedores"/>
        <WindowIndex Value="0"/>
        <TopLine Value="40"/>
        <CursorPos X="62" Y="40"/>
        <UsageCount Value="52"/>
      </Unit23>
      <Unit24>
        <Filename Value="dmgrupoproveedores.pas"/>
        <IsPartOfProject Value="True"/>
        <ComponentName Value="DM_GrupoProveedores"/>
        <ResourceBaseClass Value="DataModule"/>
        <UnitName Value="dmgrupoproveedores"/>
        <EditorIndex Value="6"/>
        <WindowIndex Value="0"/>
        <TopLine Value="203"/>
        <CursorPos X="65" Y="223"/>
        <UsageCount Value="52"/>
        <Bookmarks Count="1">
          <Item0 X="79" Y="112" ID="1"/>
        </Bookmarks>
        <Loaded Value="True"/>
        <LoadedDesigner Value="True"/>
      </Unit24>
      <Unit25>
        <Filename Value="frm_grupoprovpendientes.pas"/>
        <IsPartOfProject Value="True"/>
        <ComponentName Value="frmGrupoProveedoresPendientes"/>
        <ResourceBaseClass Value="Form"/>
        <UnitName Value="frm_grupoprovpendientes"/>
        <EditorIndex Value="10"/>
        <WindowIndex Value="0"/>
        <TopLine Value="47"/>
        <CursorPos X="48" Y="61"/>
        <UsageCount Value="33"/>
        <Loaded Value="True"/>
        <LoadedDesigner Value="True"/>
      </Unit25>
      <Unit26>
        <Filename Value="frm_subdiariocompras.pas"/>
        <IsPartOfProject Value="True"/>
        <ComponentName Value="frmSubdiarioCompras"/>
        <ResourceBaseClass Value="Form"/>
        <UnitName Value="frm_subdiariocompras"/>
        <EditorIndex Value="7"/>
        <WindowIndex Value="0"/>
        <TopLine Value="55"/>
        <CursorPos X="3" Y="61"/>
        <UsageCount Value="25"/>
        <Loaded Value="True"/>
        <LoadedDesigner Value="True"/>
      </Unit26>
      <Unit27>
        <Filename Value="..\..\..\..\..\Utiles\lazarus\fpc\2.4.2\source\rtl\objpas\dateutils.pp"/>
        <UnitName Value="dateutils"/>
        <EditorIndex Value="8"/>
        <WindowIndex Value="0"/>
        <TopLine Value="1"/>
        <CursorPos X="11" Y="1"/>
        <UsageCount Value="12"/>
        <Loaded Value="True"/>
      </Unit27>
      <Unit28>
        <Filename Value="..\..\..\..\..\Utiles\lazarus\fpc\2.4.2\source\rtl\objpas\dateutil.inc"/>
        <EditorIndex Value="9"/>
        <WindowIndex Value="0"/>
        <TopLine Value="124"/>
        <CursorPos X="1" Y="1"/>
        <UsageCount Value="12"/>
        <Loaded Value="True"/>
      </Unit28>
      <Unit29>
        <Filename Value="frm_subdiariopagos.pas"/>
        <IsPartOfProject Value="True"/>
        <ComponentName Value="frmSubdiarioDePagos"/>
        <ResourceBaseClass Value="Form"/>
        <UnitName Value="frm_subdiariopagos"/>
        <IsVisibleTab Value="True"/>
        <EditorIndex Value="4"/>
        <WindowIndex Value="0"/>
        <TopLine Value="66"/>
        <CursorPos X="39" Y="74"/>
        <UsageCount Value="21"/>
        <Loaded Value="True"/>
        <LoadedDesigner Value="True"/>
      </Unit29>
    </Units>
    <JumpHistory Count="30" HistoryIndex="29">
      <Position1>
        <Filename Value="dmgrupocuentas.pas"/>
        <Caret Line="164" Column="3" TopLine="143"/>
      </Position1>
      <Position2>
        <Filename Value="dmgrupocuentas.pas"/>
        <Caret Line="187" Column="39" TopLine="165"/>
      </Position2>
      <Position3>
        <Filename Value="dmgrupocuentas.pas"/>
        <Caret Line="166" Column="41" TopLine="165"/>
      </Position3>
      <Position4>
        <Filename Value="frm_subdiariopagos.pas"/>
        <Caret Line="32" Column="55" TopLine="17"/>
      </Position4>
      <Position5>
        <Filename Value="dmgrupocuentas.pas"/>
        <Caret Line="120" Column="35" TopLine="165"/>
      </Position5>
      <Position6>
        <Filename Value="dmgrupocuentas.pas"/>
        <Caret Line="119" Column="35" TopLine="119"/>
      </Position6>
      <Position7>
        <Filename Value="dmgrupocuentas.pas"/>
        <Caret Line="118" Column="35" TopLine="118"/>
      </Position7>
      <Position8>
        <Filename Value="dmgrupocuentas.pas"/>
        <Caret Line="117" Column="35" TopLine="117"/>
      </Position8>
      <Position9>
        <Filename Value="dmgrupocuentas.pas"/>
        <Caret Line="116" Column="35" TopLine="116"/>
      </Position9>
      <Position10>
        <Filename Value="frm_sellistado.pas"/>
        <Caret Line="105" Column="59" TopLine="92"/>
      </Position10>
      <Position11>
        <Filename Value="frm_sellistado.pas"/>
        <Caret Line="40" Column="36" TopLine="25"/>
      </Position11>
      <Position12>
        <Filename Value="frm_sellistado.pas"/>
        <Caret Line="167" Column="1" TopLine="153"/>
      </Position12>
      <Position13>
        <Filename Value="frm_sellistado.pas"/>
        <Caret Line="188" Column="20" TopLine="174"/>
      </Position13>
      <Position14>
        <Filename Value="frm_sellistado.pas"/>
        <Caret Line="58" Column="22" TopLine="35"/>
      </Position14>
      <Position15>
        <Filename Value="frm_subdiariopagos.pas"/>
        <Caret Line="42" Column="1" TopLine="33"/>
      </Position15>
      <Position16>
        <Filename Value="frm_subdiariopagos.pas"/>
        <Caret Line="45" Column="54" TopLine="15"/>
      </Position16>
      <Position17>
        <Filename Value="frm_subdiariopagos.pas"/>
        <Caret Line="46" Column="4" TopLine="33"/>
      </Position17>
      <Position18>
        <Filename Value="frm_subdiariopagos.pas"/>
        <Caret Line="43" Column="37" TopLine="42"/>
      </Position18>
      <Position19>
        <Filename Value="frm_subdiariopagos.pas"/>
        <Caret Line="55" Column="59" TopLine="47"/>
      </Position19>
      <Position20>
        <Filename Value="dmgrupocuentas.pas"/>
        <Caret Line="99" Column="56" TopLine="85"/>
      </Position20>
      <Position21>
        <Filename Value="dmgrupocuentas.pas"/>
        <Caret Line="171" Column="1" TopLine="171"/>
      </Position21>
      <Position22>
        <Filename Value="dmgrupocuentas.pas"/>
        <Caret Line="400" Column="3" TopLine="379"/>
      </Position22>
      <Position23>
        <Filename Value="frm_subdiariopagos.pas"/>
        <Caret Line="55" Column="33" TopLine="43"/>
      </Position23>
      <Position24>
        <Filename Value="frm_subdiariopagos.pas"/>
        <Caret Line="54" Column="33" TopLine="42"/>
      </Position24>
      <Position25>
        <Filename Value="frm_subdiariopagos.pas"/>
        <Caret Line="55" Column="33" TopLine="43"/>
      </Position25>
      <Position26>
        <Filename Value="frm_subdiariopagos.pas"/>
        <Caret Line="54" Column="33" TopLine="42"/>
      </Position26>
      <Position27>
        <Filename Value="frm_subdiariopagos.pas"/>
        <Caret Line="55" Column="3" TopLine="47"/>
      </Position27>
      <Position28>
        <Filename Value="frm_subdiariopagos.pas"/>
        <Caret Line="56" Column="40" TopLine="44"/>
      </Position28>
      <Position29>
        <Filename Value="frm_subdiariopagos.pas"/>
        <Caret Line="67" Column="21" TopLine="54"/>
      </Position29>
      <Position30>
        <Filename Value="frm_subdiariopagos.pas"/>
        <Caret Line="64" Column="101" TopLine="57"/>
      </Position30>
    </JumpHistory>
  </ProjectOptions>
  <CompilerOptions>
    <Version Value="9"/>
    <PathDelim Value="\"/>
    <Target>
      <Filename Value="selrpt"/>
    </Target>
    <SearchPaths>
      <IncludeFiles Value="$(ProjOutDir)"/>
      <OtherUnitFiles Value="..;..\..;E:\Trabajo\Utiles\lazarus\components\fpspreadsheet\"/>
      <UnitOutputDirectory Value="lib\$(TargetCPU)-$(TargetOS)"/>
    </SearchPaths>
    <Linking>
      <Options>
        <Win32>
          <GraphicApplication Value="True"/>
        </Win32>
      </Options>
    </Linking>
    <Other>
      <CompilerMessages>
        <UseMsgFile Value="True"/>
      </CompilerMessages>
      <CompilerPath Value="$(CompPath)"/>
    </Other>
  </CompilerOptions>
  <Debugging>
    <Exceptions Count="3">
      <Item1>
        <Name Value="EAbort"/>
      </Item1>
      <Item2>
        <Name Value="ECodetoolError"/>
      </Item2>
      <Item3>
        <Name Value="EFOpenError"/>
      </Item3>
    </Exceptions>
  </Debugging>
</CONFIG>
