<?xml version="1.0" encoding="UTF-8"?>
<CONFIG>
  <ProjectOptions>
    <Version Value="9"/>
    <PathDelim Value="\"/>
    <General>
      <MainUnit Value="0"/>
      <ResourceType Value="res"/>
      <UseXPManifest Value="True"/>
      <Icon Value="0"/>
      <ActiveWindowIndexAtStart Value="0"/>
    </General>
    <i18n>
      <EnableI18N LFM="False"/>
    </i18n>
    <VersionInfo>
      <UseVersionInfo Value="True"/>
      <AutoIncrementBuild Value="True"/>
      <MinorVersionNr Value="5"/>
      <BuildNr Value="27"/>
      <Language Value="080A"/>
      <StringTable ProductVersion=""/>
    </VersionInfo>
    <BuildModes Count="1" Active="Default">
      <Item1 Name="Default" Default="True"/>
    </BuildModes>
    <PublishOptions>
      <Version Value="2"/>
      <IncludeFileFilter Value="*.(pas|pp|inc|lfm|lpr|lrs|lpi|lpk|sh|xml)"/>
      <ExcludeFileFilter Value="*.(bak|ppu|o|so);*~;backup"/>
    </PublishOptions>
    <RunParams>
      <local>
        <FormatVersion Value="1"/>
      </local>
    </RunParams>
    <RequiredPackages Count="6">
      <Item1>
        <PackageName Value="MemDSLaz"/>
      </Item1>
      <Item2>
        <PackageName Value="lazreport"/>
        <MinVersion Minor="9" Release="8" Valid="True"/>
      </Item2>
      <Item3>
        <PackageName Value="rxnew"/>
        <MinVersion Major="1" Minor="1" Release="4" Build="93" Valid="True"/>
      </Item3>
      <Item4>
        <PackageName Value="zcomponent"/>
        <MinVersion Major="6" Minor="6" Release="6" Valid="True"/>
      </Item4>
      <Item5>
        <PackageName Value="FCL"/>
        <MinVersion Major="1" Valid="True"/>
      </Item5>
      <Item6>
        <PackageName Value="LCL"/>
      </Item6>
    </RequiredPackages>
    <Units Count="55">
      <Unit0>
        <Filename Value="selrpt.lpr"/>
        <IsPartOfProject Value="True"/>
        <UnitName Value="selrpt"/>
        <WindowIndex Value="0"/>
        <TopLine Value="14"/>
        <CursorPos X="3" Y="41"/>
        <UsageCount Value="172"/>
      </Unit0>
      <Unit1>
        <Filename Value="frm_sellistado.pas"/>
        <IsPartOfProject Value="True"/>
        <ComponentName Value="frmSeleccionListado"/>
        <HasResources Value="True"/>
        <ResourceBaseClass Value="Form"/>
        <UnitName Value="frm_sellistado"/>
        <WindowIndex Value="0"/>
        <TopLine Value="100"/>
        <CursorPos X="64" Y="123"/>
        <UsageCount Value="172"/>
        <Bookmarks Count="1">
          <Item0 X="33" Y="266" ID="1"/>
        </Bookmarks>
      </Unit1>
      <Unit2>
        <Filename Value="..\..\dmgeneral.pas"/>
        <IsPartOfProject Value="True"/>
        <ComponentName Value="DM_General"/>
        <HasResources Value="True"/>
        <ResourceBaseClass Value="DataModule"/>
        <UnitName Value="dmgeneral"/>
        <WindowIndex Value="0"/>
        <TopLine Value="534"/>
        <CursorPos X="15" Y="571"/>
        <UsageCount Value="157"/>
      </Unit2>
      <Unit3>
        <Filename Value="..\..\dmconexion.pas"/>
        <IsPartOfProject Value="True"/>
        <ComponentName Value="DM_Conexion"/>
        <HasResources Value="True"/>
        <ResourceBaseClass Value="DataModule"/>
        <UnitName Value="dmConexion"/>
        <EditorIndex Value="0"/>
        <WindowIndex Value="0"/>
        <TopLine Value="38"/>
        <CursorPos X="34" Y="29"/>
        <UsageCount Value="172"/>
        <Loaded Value="True"/>
        <LoadedDesigner Value="True"/>
      </Unit3>
      <Unit4>
        <Filename Value="..\..\SD_Configuracion.pas"/>
        <IsPartOfProject Value="True"/>
        <UnitName Value="SD_Configuracion"/>
        <WindowIndex Value="0"/>
        <TopLine Value="28"/>
        <CursorPos X="36" Y="39"/>
        <UsageCount Value="172"/>
      </Unit4>
      <Unit5>
        <Filename Value="dmseleccionlistado.pas"/>
        <IsPartOfProject Value="True"/>
        <ComponentName Value="DM_SeleccionListado"/>
        <HasResources Value="True"/>
        <ResourceBaseClass Value="DataModule"/>
        <UnitName Value="dmseleccionlistado"/>
        <EditorIndex Value="5"/>
        <WindowIndex Value="0"/>
        <TopLine Value="28"/>
        <CursorPos X="3" Y="55"/>
        <UsageCount Value="172"/>
        <Loaded Value="True"/>
        <LoadedDesigner Value="True"/>
      </Unit5>
      <Unit6>
        <Filename Value="frm_gruporemitos.pas"/>
        <IsPartOfProject Value="True"/>
        <ComponentName Value="frmGrupoRemitos"/>
        <HasResources Value="True"/>
        <ResourceBaseClass Value="Form"/>
        <UnitName Value="frm_gruporemitos"/>
        <WindowIndex Value="0"/>
        <TopLine Value="132"/>
        <CursorPos X="3" Y="163"/>
        <UsageCount Value="166"/>
      </Unit6>
      <Unit7>
        <Filename Value="dmgruporemitos.pas"/>
        <IsPartOfProject Value="True"/>
        <ComponentName Value="DM_GrupoRemitos"/>
        <HasResources Value="True"/>
        <ResourceBaseClass Value="DataModule"/>
        <UnitName Value="dmgruporemitos"/>
        <WindowIndex Value="0"/>
        <TopLine Value="84"/>
        <CursorPos X="93" Y="97"/>
        <UsageCount Value="166"/>
      </Unit7>
      <Unit8>
        <Filename Value="..\..\frm_busquedaclientes.pas"/>
        <IsPartOfProject Value="True"/>
        <ComponentName Value="frmBuscarCliente"/>
        <HasResources Value="True"/>
        <ResourceBaseClass Value="Form"/>
        <UnitName Value="frm_busquedaclientes"/>
        <WindowIndex Value="0"/>
        <TopLine Value="25"/>
        <CursorPos X="122" Y="35"/>
        <UsageCount Value="161"/>
      </Unit8>
      <Unit9>
        <Filename Value="..\..\dmbuscarcliente.pas"/>
        <IsPartOfProject Value="True"/>
        <ComponentName Value="DM_BuscarCliente"/>
        <HasResources Value="True"/>
        <ResourceBaseClass Value="DataModule"/>
        <UnitName Value="dmbuscarcliente"/>
        <WindowIndex Value="0"/>
        <TopLine Value="45"/>
        <CursorPos X="63" Y="59"/>
        <UsageCount Value="161"/>
      </Unit9>
      <Unit10>
        <Filename Value="..\..\..\..\..\Utiles\lazarus\components\fpspreadsheet\uvirtuallayer_types.pas"/>
        <UnitName Value="uvirtuallayer_types"/>
        <WindowIndex Value="0"/>
        <TopLine Value="62"/>
        <CursorPos X="24" Y="77"/>
        <UsageCount Value="1"/>
      </Unit10>
      <Unit11>
        <Filename Value="..\..\..\..\..\Utiles\lazarus\components\lazreport\source\lr_class.pas"/>
        <UnitName Value="LR_Class"/>
        <WindowIndex Value="0"/>
        <TopLine Value="965"/>
        <CursorPos X="58" Y="978"/>
        <UsageCount Value="2"/>
      </Unit11>
      <Unit12>
        <Filename Value="dmgrupocuentas.pas"/>
        <IsPartOfProject Value="True"/>
        <ComponentName Value="DM_GrupoCuentas"/>
        <HasResources Value="True"/>
        <ResourceBaseClass Value="DataModule"/>
        <UnitName Value="dmgrupocuentas"/>
        <IsVisibleTab Value="True"/>
        <EditorIndex Value="2"/>
        <WindowIndex Value="0"/>
        <TopLine Value="126"/>
        <CursorPos X="55" Y="192"/>
        <UsageCount Value="150"/>
        <Loaded Value="True"/>
        <LoadedDesigner Value="True"/>
      </Unit12>
      <Unit13>
        <Filename Value="frm_grupocuentas.pas"/>
        <IsPartOfProject Value="True"/>
        <ComponentName Value="frmGrupoCuentas"/>
        <HasResources Value="True"/>
        <ResourceBaseClass Value="Form"/>
        <UnitName Value="frm_grupocuentas"/>
        <WindowIndex Value="0"/>
        <TopLine Value="83"/>
        <CursorPos X="43" Y="110"/>
        <UsageCount Value="150"/>
      </Unit13>
      <Unit14>
        <Filename Value="..\..\..\..\..\Utiles\lazarus\fpc\2.4.2\source\rtl\objpas\sysutils\datih.inc"/>
        <WindowIndex Value="0"/>
        <TopLine Value="121"/>
        <CursorPos X="19" Y="132"/>
        <UsageCount Value="1"/>
      </Unit14>
      <Unit15>
        <Filename Value="..\..\..\..\..\Utiles\lazarus\fpc\2.4.2\source\rtl\objpas\sysutils\sysinth.inc"/>
        <WindowIndex Value="0"/>
        <TopLine Value="30"/>
        <CursorPos X="3" Y="33"/>
        <UsageCount Value="1"/>
      </Unit15>
      <Unit16>
        <Filename Value="..\..\frm_proveedoreslistado.pas"/>
        <IsPartOfProject Value="True"/>
        <ComponentName Value="frmProveedoresListado"/>
        <HasResources Value="True"/>
        <ResourceBaseClass Value="Form"/>
        <UnitName Value="frm_proveedoreslistado"/>
        <WindowIndex Value="0"/>
        <TopLine Value="36"/>
        <CursorPos X="134" Y="50"/>
        <UsageCount Value="119"/>
      </Unit16>
      <Unit17>
        <Filename Value="..\..\frm_proveedoresae.pas"/>
        <IsPartOfProject Value="True"/>
        <HasResources Value="True"/>
        <UnitName Value="frm_proveedoresae"/>
        <UsageCount Value="119"/>
      </Unit17>
      <Unit18>
        <Filename Value="..\..\dmproveedores.pas"/>
        <IsPartOfProject Value="True"/>
        <ComponentName Value="DM_Proveedores"/>
        <HasResources Value="True"/>
        <ResourceBaseClass Value="DataModule"/>
        <UnitName Value="dmproveedores"/>
        <WindowIndex Value="0"/>
        <TopLine Value="315"/>
        <CursorPos X="23" Y="12"/>
        <UsageCount Value="119"/>
      </Unit18>
      <Unit19>
        <Filename Value="..\..\frm_plandecuentasae.pas"/>
        <IsPartOfProject Value="True"/>
        <ComponentName Value="frmPlanDeCuentasAE"/>
        <HasResources Value="True"/>
        <ResourceBaseClass Value="Form"/>
        <UnitName Value="frm_plandecuentasae"/>
        <WindowIndex Value="0"/>
        <TopLine Value="24"/>
        <CursorPos X="1" Y="1"/>
        <UsageCount Value="119"/>
      </Unit19>
      <Unit20>
        <Filename Value="..\..\dmplandecuentas.pas"/>
        <IsPartOfProject Value="True"/>
        <ComponentName Value="DM_PlanDeCuentas"/>
        <HasResources Value="True"/>
        <ResourceBaseClass Value="DataModule"/>
        <UnitName Value="dmplandecuentas"/>
        <WindowIndex Value="0"/>
        <TopLine Value="104"/>
        <CursorPos X="48" Y="106"/>
        <UsageCount Value="119"/>
      </Unit20>
      <Unit21>
        <Filename Value="..\..\frm_plandecuentaslistado.pas"/>
        <IsPartOfProject Value="True"/>
        <ComponentName Value="frmPlanDeCuentasListado"/>
        <HasResources Value="True"/>
        <ResourceBaseClass Value="Form"/>
        <UnitName Value="frm_plandecuentaslistado"/>
        <WindowIndex Value="0"/>
        <TopLine Value="1"/>
        <CursorPos X="1" Y="1"/>
        <UsageCount Value="119"/>
      </Unit21>
      <Unit22>
        <Filename Value="frm_grupoproveedores.pas"/>
        <IsPartOfProject Value="True"/>
        <ComponentName Value="frmGrupoProveedores"/>
        <HasResources Value="True"/>
        <ResourceBaseClass Value="Form"/>
        <UnitName Value="frm_grupoproveedores"/>
        <WindowIndex Value="0"/>
        <TopLine Value="52"/>
        <CursorPos X="77" Y="76"/>
        <UsageCount Value="115"/>
      </Unit22>
      <Unit23>
        <Filename Value="dmgrupoproveedores.pas"/>
        <IsPartOfProject Value="True"/>
        <ComponentName Value="DM_GrupoProveedores"/>
        <HasResources Value="True"/>
        <ResourceBaseClass Value="DataModule"/>
        <UnitName Value="dmgrupoproveedores"/>
        <WindowIndex Value="0"/>
        <TopLine Value="199"/>
        <CursorPos X="39" Y="254"/>
        <UsageCount Value="115"/>
      </Unit23>
      <Unit24>
        <Filename Value="frm_grupoprovpendientes.pas"/>
        <IsPartOfProject Value="True"/>
        <ComponentName Value="frmGrupoProveedoresPendientes"/>
        <ResourceBaseClass Value="Form"/>
        <UnitName Value="frm_grupoprovpendientes"/>
        <WindowIndex Value="0"/>
        <TopLine Value="47"/>
        <CursorPos X="48" Y="61"/>
        <UsageCount Value="96"/>
      </Unit24>
      <Unit25>
        <Filename Value="frm_subdiariocompras.pas"/>
        <IsPartOfProject Value="True"/>
        <ComponentName Value="frmSubdiarioCompras"/>
        <HasResources Value="True"/>
        <ResourceBaseClass Value="Form"/>
        <UnitName Value="frm_subdiariocompras"/>
        <EditorIndex Value="4"/>
        <WindowIndex Value="0"/>
        <TopLine Value="72"/>
        <CursorPos X="21" Y="77"/>
        <UsageCount Value="88"/>
        <Loaded Value="True"/>
        <LoadedDesigner Value="True"/>
      </Unit25>
      <Unit26>
        <Filename Value="..\..\..\..\..\Utiles\lazarus\fpc\2.4.2\source\rtl\objpas\dateutils.pp"/>
        <UnitName Value="dateutils"/>
        <WindowIndex Value="0"/>
        <TopLine Value="1"/>
        <CursorPos X="8" Y="1"/>
        <UsageCount Value="13"/>
      </Unit26>
      <Unit27>
        <Filename Value="..\..\..\..\..\Utiles\lazarus\fpc\2.4.2\source\rtl\objpas\dateutil.inc"/>
        <WindowIndex Value="0"/>
        <TopLine Value="131"/>
        <CursorPos X="10" Y="143"/>
        <UsageCount Value="13"/>
      </Unit27>
      <Unit28>
        <Filename Value="frm_subdiariopagos.pas"/>
        <IsPartOfProject Value="True"/>
        <ComponentName Value="frmSubdiarioDePagos"/>
        <HasResources Value="True"/>
        <ResourceBaseClass Value="Form"/>
        <UnitName Value="frm_subdiariopagos"/>
        <EditorIndex Value="1"/>
        <WindowIndex Value="0"/>
        <TopLine Value="14"/>
        <CursorPos X="1" Y="81"/>
        <UsageCount Value="84"/>
        <Bookmarks Count="1">
          <Item0 X="1" Y="81" ID="1"/>
        </Bookmarks>
        <Loaded Value="True"/>
        <LoadedDesigner Value="True"/>
      </Unit28>
      <Unit29>
        <Filename Value="..\..\..\..\..\Utiles\lazarus\components\lazreport\source\addons\pdfexport\lr_e_pdf.pas"/>
        <UnitName Value="lr_e_pdf"/>
        <WindowIndex Value="0"/>
        <TopLine Value="318"/>
        <CursorPos X="3" Y="343"/>
        <UsageCount Value="9"/>
      </Unit29>
      <Unit30>
        <Filename Value="frm_detallepagos.pas"/>
        <IsPartOfProject Value="True"/>
        <ComponentName Value="frmDetallePagos"/>
        <HasResources Value="True"/>
        <ResourceBaseClass Value="Form"/>
        <UnitName Value="frm_detallepagos"/>
        <WindowIndex Value="0"/>
        <TopLine Value="117"/>
        <CursorPos X="1" Y="124"/>
        <UsageCount Value="77"/>
      </Unit30>
      <Unit31>
        <Filename Value="dmdetallepagos.pas"/>
        <IsPartOfProject Value="True"/>
        <ComponentName Value="DM_DetallePagos"/>
        <HasResources Value="True"/>
        <ResourceBaseClass Value="DataModule"/>
        <UnitName Value="dmdetallepagos"/>
        <WindowIndex Value="0"/>
        <TopLine Value="93"/>
        <CursorPos X="46" Y="104"/>
        <UsageCount Value="77"/>
      </Unit31>
      <Unit32>
        <Filename Value="frm_lstdetallegastos.pas"/>
        <ComponentName Value="Form1"/>
        <HasResources Value="True"/>
        <ResourceBaseClass Value="Form"/>
        <UnitName Value="frm_lstdetallegastos"/>
        <WindowIndex Value="0"/>
        <TopLine Value="1"/>
        <CursorPos X="71" Y="11"/>
        <UsageCount Value="63"/>
      </Unit32>
      <Unit33>
        <Filename Value="..\..\..\..\..\Utiles\lazarus\fpc\2.4.2\source\rtl\objpas\strutils.pp"/>
        <UnitName Value="strutils"/>
        <WindowIndex Value="0"/>
        <TopLine Value="139"/>
        <CursorPos X="28" Y="145"/>
        <UsageCount Value="10"/>
      </Unit33>
      <Unit34>
        <Filename Value="frm_compsaldoscompras.pas"/>
        <IsPartOfProject Value="True"/>
        <ComponentName Value="frmCompSaldosCompras"/>
        <HasResources Value="True"/>
        <ResourceBaseClass Value="Form"/>
        <UnitName Value="frm_compsaldoscompras"/>
        <WindowIndex Value="0"/>
        <TopLine Value="81"/>
        <CursorPos X="1" Y="86"/>
        <UsageCount Value="61"/>
      </Unit34>
      <Unit35>
        <Filename Value="dmsaldoscompras.pas"/>
        <IsPartOfProject Value="True"/>
        <ComponentName Value="DM_SaldosCompras"/>
        <HasResources Value="True"/>
        <ResourceBaseClass Value="DataModule"/>
        <UnitName Value="dmsaldoscompras"/>
        <WindowIndex Value="0"/>
        <TopLine Value="57"/>
        <CursorPos X="18" Y="77"/>
        <UsageCount Value="61"/>
      </Unit35>
      <Unit36>
        <Filename Value="frm_proveedorcuentacorriente.pas"/>
        <IsPartOfProject Value="True"/>
        <ComponentName Value="frmProveedorCuentaCorriente"/>
        <HasResources Value="True"/>
        <ResourceBaseClass Value="Form"/>
        <UnitName Value="frm_proveedorcuentacorriente"/>
        <EditorIndex Value="3"/>
        <WindowIndex Value="0"/>
        <TopLine Value="26"/>
        <CursorPos X="27" Y="114"/>
        <UsageCount Value="56"/>
        <Loaded Value="True"/>
        <LoadedDesigner Value="True"/>
      </Unit36>
      <Unit37>
        <Filename Value="dmproveedorcc.pas"/>
        <IsPartOfProject Value="True"/>
        <ComponentName Value="DM_ProveedorCC"/>
        <HasResources Value="True"/>
        <ResourceBaseClass Value="DataModule"/>
        <UnitName Value="dmproveedorcc"/>
        <WindowIndex Value="0"/>
        <TopLine Value="1"/>
        <CursorPos X="74" Y="26"/>
        <UsageCount Value="56"/>
      </Unit37>
      <Unit38>
        <Filename Value="..\..\..\..\..\Utiles\lazarus\components\rxfpc\rxmemds.pas"/>
        <UnitName Value="rxmemds"/>
        <WindowIndex Value="0"/>
        <TopLine Value="1"/>
        <CursorPos X="1" Y="1"/>
        <UsageCount Value="10"/>
        <Bookmarks Count="1">
          <Item0 X="3" Y="1354" ID="1"/>
        </Bookmarks>
      </Unit38>
      <Unit39>
        <Filename Value="..\..\..\..\..\Utiles\lazarus\components\zeos\src\component\ZDataset.pas"/>
        <UnitName Value="ZDataset"/>
        <WindowIndex Value="0"/>
        <TopLine Value="66"/>
        <CursorPos X="3" Y="85"/>
        <UsageCount Value="9"/>
      </Unit39>
      <Unit40>
        <Filename Value="..\..\..\..\..\Utiles\lazarus\fpc\2.4.2\source\packages\fcl-db\src\base\db.pas"/>
        <UnitName Value="db"/>
        <WindowIndex Value="0"/>
        <TopLine Value="1142"/>
        <CursorPos X="17" Y="1161"/>
        <UsageCount Value="10"/>
      </Unit40>
      <Unit41>
        <Filename Value="..\..\..\..\..\Utiles\lazarus\fpc\2.4.2\source\packages\fcl-db\src\base\dataset.inc"/>
        <WindowIndex Value="0"/>
        <TopLine Value="1100"/>
        <CursorPos X="1" Y="1108"/>
        <UsageCount Value="10"/>
      </Unit41>
      <Unit42>
        <Filename Value="..\..\..\..\..\Utiles\lazarus\components\rxnew\folderlister.pas"/>
        <UnitName Value="folderlister"/>
        <WindowIndex Value="0"/>
        <TopLine Value="162"/>
        <CursorPos X="49" Y="170"/>
        <UsageCount Value="9"/>
      </Unit42>
      <Unit43>
        <Filename Value="..\..\..\..\..\Utiles\lazarus\components\rxnew\rxmemds.pas"/>
        <UnitName Value="rxmemds"/>
        <WindowIndex Value="0"/>
        <TopLine Value="1633"/>
        <CursorPos X="3" Y="1614"/>
        <UsageCount Value="9"/>
      </Unit43>
      <Unit44>
        <Filename Value="..\..\..\..\..\Utiles\lazarus\components\fpspreadsheet\laz_fpspreadsheet.pas"/>
        <UnitName Value="laz_fpspreadsheet"/>
        <WindowIndex Value="0"/>
        <TopLine Value="1"/>
        <CursorPos X="43" Y="10"/>
        <UsageCount Value="9"/>
      </Unit44>
      <Unit45>
        <Filename Value="dmproveedorcc.lfm"/>
        <WindowIndex Value="0"/>
        <TopLine Value="1"/>
        <CursorPos X="49" Y="17"/>
        <UsageCount Value="9"/>
        <DefaultSyntaxHighlighter Value="LFM"/>
      </Unit45>
      <Unit46>
        <Filename Value="E:\Trabajo\Utiles\lazarus\lcl\include\control.inc"/>
        <WindowIndex Value="0"/>
        <TopLine Value="2094"/>
        <CursorPos X="1" Y="2112"/>
        <UsageCount Value="9"/>
      </Unit46>
      <Unit47>
        <Filename Value="E:\Trabajo\Utiles\lazarus\lcl\include\buttoncontrol.inc"/>
        <WindowIndex Value="0"/>
        <TopLine Value="8"/>
        <CursorPos X="1" Y="22"/>
        <UsageCount Value="9"/>
      </Unit47>
      <Unit48>
        <Filename Value="E:\Trabajo\Utiles\lazarus\lcl\include\buttons.inc"/>
        <WindowIndex Value="0"/>
        <TopLine Value="157"/>
        <CursorPos X="1" Y="176"/>
        <UsageCount Value="9"/>
      </Unit48>
      <Unit49>
        <Filename Value="E:\Trabajo\Utiles\lazarus\lcl\include\bitbtn.inc"/>
        <WindowIndex Value="0"/>
        <TopLine Value="40"/>
        <CursorPos X="1" Y="59"/>
        <UsageCount Value="9"/>
      </Unit49>
      <Unit50>
        <Filename Value="E:\Trabajo\Utiles\lazarus\lcl\include\wincontrol.inc"/>
        <WindowIndex Value="0"/>
        <TopLine Value="5314"/>
        <CursorPos X="1" Y="5323"/>
        <UsageCount Value="9"/>
      </Unit50>
      <Unit51>
        <Filename Value="E:\Trabajo\Utiles\lazarus\lcl\lclmessageglue.pas"/>
        <UnitName Value="LCLMessageGlue"/>
        <WindowIndex Value="0"/>
        <TopLine Value="106"/>
        <CursorPos X="1" Y="124"/>
        <UsageCount Value="9"/>
      </Unit51>
      <Unit52>
        <Filename Value="frm_saldocompras.pas"/>
        <IsPartOfProject Value="True"/>
        <ComponentName Value="frmSaldoCompras"/>
        <HasResources Value="True"/>
        <ResourceBaseClass Value="Form"/>
        <UnitName Value="frm_saldocompras"/>
        <WindowIndex Value="0"/>
        <TopLine Value="56"/>
        <CursorPos X="19" Y="63"/>
        <UsageCount Value="39"/>
      </Unit52>
      <Unit53>
        <Filename Value="frm_listadocheques.pas"/>
        <IsPartOfProject Value="True"/>
        <ComponentName Value="frmListadoCheques"/>
        <HasResources Value="True"/>
        <ResourceBaseClass Value="Form"/>
        <UnitName Value="frm_listadocheques"/>
        <WindowIndex Value="0"/>
        <TopLine Value="1"/>
        <CursorPos X="40" Y="7"/>
        <UsageCount Value="25"/>
      </Unit53>
      <Unit54>
        <Filename Value="dmlistadocheques.pas"/>
        <IsPartOfProject Value="True"/>
        <ComponentName Value="DM_ListadoCheques"/>
        <HasResources Value="True"/>
        <ResourceBaseClass Value="DataModule"/>
        <UnitName Value="dmlistadocheques"/>
        <WindowIndex Value="0"/>
        <TopLine Value="37"/>
        <CursorPos X="68" Y="50"/>
        <UsageCount Value="25"/>
      </Unit54>
    </Units>
    <JumpHistory Count="28" HistoryIndex="27">
      <Position1>
        <Filename Value="dmseleccionlistado.pas"/>
        <Caret Line="159" Column="99" TopLine="142"/>
      </Position1>
      <Position2>
        <Filename Value="frm_subdiariopagos.pas"/>
        <Caret Line="61" Column="62" TopLine="59"/>
      </Position2>
      <Position3>
        <Filename Value="frm_subdiariopagos.pas"/>
        <Caret Line="63" Column="3" TopLine="61"/>
      </Position3>
      <Position4>
        <Filename Value="frm_subdiariocompras.pas"/>
        <Caret Line="73" Column="1" TopLine="63"/>
      </Position4>
      <Position5>
        <Filename Value="frm_subdiariopagos.pas"/>
        <Caret Line="84" Column="44" TopLine="61"/>
      </Position5>
      <Position6>
        <Filename Value="frm_subdiariopagos.pas"/>
        <Caret Line="91" Column="44" TopLine="63"/>
      </Position6>
      <Position7>
        <Filename Value="frm_proveedorcuentacorriente.pas"/>
        <Caret Line="81" Column="64" TopLine="77"/>
      </Position7>
      <Position8>
        <Filename Value="frm_proveedorcuentacorriente.pas"/>
        <Caret Line="72" Column="3" TopLine="69"/>
      </Position8>
      <Position9>
        <Filename Value="frm_subdiariopagos.pas"/>
        <Caret Line="76" Column="8" TopLine="67"/>
      </Position9>
      <Position10>
        <Filename Value="frm_subdiariopagos.pas"/>
        <Caret Line="80" Column="1" TopLine="65"/>
      </Position10>
      <Position11>
        <Filename Value="frm_subdiariopagos.pas"/>
        <Caret Line="84" Column="3" TopLine="74"/>
      </Position11>
      <Position12>
        <Filename Value="frm_subdiariopagos.pas"/>
        <Caret Line="68" Column="10" TopLine="65"/>
      </Position12>
      <Position13>
        <Filename Value="frm_subdiariopagos.pas"/>
        <Caret Line="116" Column="37" TopLine="89"/>
      </Position13>
      <Position14>
        <Filename Value="frm_subdiariopagos.pas"/>
        <Caret Line="64" Column="3" TopLine="62"/>
      </Position14>
      <Position15>
        <Filename Value="dmgrupocuentas.pas"/>
        <Caret Line="118" Column="27" TopLine="104"/>
      </Position15>
      <Position16>
        <Filename Value="dmgrupocuentas.pas"/>
        <Caret Line="117" Column="26" TopLine="102"/>
      </Position16>
      <Position17>
        <Filename Value="frm_subdiariocompras.pas"/>
        <Caret Line="89" Column="100" TopLine="61"/>
      </Position17>
      <Position18>
        <Filename Value="frm_subdiariocompras.pas"/>
        <Caret Line="91" Column="100" TopLine="63"/>
      </Position18>
      <Position19>
        <Filename Value="frm_subdiariocompras.pas"/>
        <Caret Line="97" Column="100" TopLine="67"/>
      </Position19>
      <Position20>
        <Filename Value="dmgrupocuentas.pas"/>
        <Caret Line="172" Column="91" TopLine="171"/>
      </Position20>
      <Position21>
        <Filename Value="dmgrupocuentas.pas"/>
        <Caret Line="419" Column="28" TopLine="404"/>
      </Position21>
      <Position22>
        <Filename Value="frm_subdiariocompras.pas"/>
        <Caret Line="72" Column="81" TopLine="19"/>
      </Position22>
      <Position23>
        <Filename Value="frm_subdiariocompras.pas"/>
        <Caret Line="57" Column="27" TopLine="43"/>
      </Position23>
      <Position24>
        <Filename Value="frm_subdiariocompras.pas"/>
        <Caret Line="74" Column="5" TopLine="71"/>
      </Position24>
      <Position25>
        <Filename Value="frm_subdiariocompras.pas"/>
        <Caret Line="12" Column="5" TopLine="12"/>
      </Position25>
      <Position26>
        <Filename Value="frm_subdiariocompras.pas"/>
        <Caret Line="77" Column="21" TopLine="72"/>
      </Position26>
      <Position27>
        <Filename Value="dmgrupocuentas.pas"/>
        <Caret Line="175" Column="40" TopLine="171"/>
      </Position27>
      <Position28>
        <Filename Value="dmgrupocuentas.pas"/>
        <Caret Line="200" Column="38" TopLine="183"/>
      </Position28>
    </JumpHistory>
  </ProjectOptions>
  <CompilerOptions>
    <Version Value="11"/>
    <PathDelim Value="\"/>
    <Target>
      <Filename Value="selrpt"/>
    </Target>
    <SearchPaths>
      <IncludeFiles Value="$(ProjOutDir)"/>
      <OtherUnitFiles Value="..;..\..;Z:\Trabajo\Utiles\lazarus\components\fpspreadsheet\"/>
      <UnitOutputDirectory Value="lib\$(TargetCPU)-$(TargetOS)"/>
    </SearchPaths>
    <Linking>
      <Options>
        <Win32>
          <GraphicApplication Value="True"/>
        </Win32>
      </Options>
    </Linking>
    <Other>
      <CompilerMessages>
        <UseMsgFile Value="True"/>
      </CompilerMessages>
      <CompilerPath Value="$(CompPath)"/>
    </Other>
  </CompilerOptions>
  <Debugging>
    <Exceptions Count="3">
      <Item1>
        <Name Value="EAbort"/>
      </Item1>
      <Item2>
        <Name Value="ECodetoolError"/>
      </Item2>
      <Item3>
        <Name Value="EFOpenError"/>
      </Item3>
    </Exceptions>
  </Debugging>
  <EditorMacros Count="0"/>
</CONFIG>
