<?xml version="1.0"?>
<CONFIG>
  <ProjectOptions>
    <Version Value="9"/>
    <PathDelim Value="\"/>
    <General>
      <MainUnit Value="0"/>
      <AutoCreateForms Value="False"/>
      <Title Value="Gestión de Transportes Verticales"/>
      <ResourceType Value="res"/>
      <UseXPManifest Value="True"/>
      <Icon Value="0"/>
      <ActiveWindowIndexAtStart Value="0"/>
    </General>
    <i18n>
      <EnableI18N LFM="False"/>
    </i18n>
    <VersionInfo>
      <UseVersionInfo Value="True"/>
      <AutoIncrementBuild Value="True"/>
      <MinorVersionNr Value="30"/>
      <BuildNr Value="114"/>
      <Language Value="080A"/>
      <StringTable CompanyName="RACSS Programación" InternalName="gtv" LegalCopyright="RACSS de Carlos Enrique Rodriguez" LegalTrademarks="Carlos Enrique Rodriguez" ProductName="Gestión de Transportes Verticales" ProductVersion=""/>
    </VersionInfo>
    <BuildModes Count="1" Active="Default">
      <Item1 Name="Default" Default="True"/>
    </BuildModes>
    <PublishOptions>
      <Version Value="2"/>
      <IncludeFileFilter Value="*.(pas|pp|inc|lfm|lpr|lrs|lpi|lpk|sh|xml)"/>
      <ExcludeFileFilter Value="*.(bak|ppu|o|so);*~;backup"/>
    </PublishOptions>
    <RunParams>
      <local>
        <FormatVersion Value="1"/>
      </local>
    </RunParams>
    <RequiredPackages Count="6">
      <Item1>
        <PackageName Value="ZVDateTimeCtrls"/>
        <MinVersion Major="1" Minor="3" Valid="True"/>
      </Item1>
      <Item2>
        <PackageName Value="FCL"/>
        <MinVersion Major="1" Valid="True"/>
      </Item2>
      <Item3>
        <PackageName Value="rxnew"/>
        <MinVersion Major="1" Minor="1" Release="4" Build="93" Valid="True"/>
      </Item3>
      <Item4>
        <PackageName Value="lazreport"/>
        <MinVersion Minor="9" Release="8" Valid="True"/>
      </Item4>
      <Item5>
        <PackageName Value="zcomponent"/>
        <MinVersion Major="6" Minor="6" Release="6" Valid="True"/>
      </Item5>
      <Item6>
        <PackageName Value="LCL"/>
      </Item6>
    </RequiredPackages>
    <Units Count="123">
      <Unit0>
        <Filename Value="gtv.lpr"/>
        <IsPartOfProject Value="True"/>
        <UnitName Value="gtv"/>
        <WindowIndex Value="0"/>
        <TopLine Value="39"/>
        <CursorPos X="53" Y="64"/>
        <UsageCount Value="205"/>
      </Unit0>
      <Unit1>
        <Filename Value="frm_principal.pas"/>
        <IsPartOfProject Value="True"/>
        <ComponentName Value="frmPrincipal"/>
        <HasResources Value="True"/>
        <ResourceBaseClass Value="Form"/>
        <UnitName Value="frm_principal"/>
        <EditorIndex Value="0"/>
        <WindowIndex Value="0"/>
        <TopLine Value="570"/>
        <CursorPos X="52" Y="582"/>
        <UsageCount Value="205"/>
        <Loaded Value="True"/>
        <LoadedDesigner Value="True"/>
      </Unit1>
      <Unit2>
        <Filename Value="dmconexion.pas"/>
        <IsPartOfProject Value="True"/>
        <ComponentName Value="DM_Conexion"/>
        <HasResources Value="True"/>
        <ResourceBaseClass Value="DataModule"/>
        <UnitName Value="dmConexion"/>
        <WindowIndex Value="0"/>
        <TopLine Value="22"/>
        <CursorPos X="17" Y="31"/>
        <UsageCount Value="205"/>
      </Unit2>
      <Unit3>
        <Filename Value="dmgeneral.pas"/>
        <IsPartOfProject Value="True"/>
        <ComponentName Value="DM_General"/>
        <HasResources Value="True"/>
        <ResourceBaseClass Value="DataModule"/>
        <UnitName Value="dmgeneral"/>
        <EditorIndex Value="8"/>
        <WindowIndex Value="0"/>
        <TopLine Value="511"/>
        <CursorPos X="67" Y="530"/>
        <UsageCount Value="205"/>
        <Loaded Value="True"/>
        <LoadedDesigner Value="True"/>
      </Unit3>
      <Unit4>
        <Filename Value="SD_Configuracion.pas"/>
        <IsPartOfProject Value="True"/>
        <UnitName Value="SD_Configuracion"/>
        <WindowIndex Value="0"/>
        <TopLine Value="1"/>
        <CursorPos X="10" Y="24"/>
        <UsageCount Value="205"/>
      </Unit4>
      <Unit5>
        <Filename Value="versioninfo.pas"/>
        <IsPartOfProject Value="True"/>
        <UnitName Value="versioninfo"/>
        <WindowIndex Value="0"/>
        <TopLine Value="4"/>
        <CursorPos X="65" Y="56"/>
        <UsageCount Value="204"/>
      </Unit5>
      <Unit6>
        <Filename Value="frm_clienteam.pas"/>
        <IsPartOfProject Value="True"/>
        <ComponentName Value="frm_ClientesAM"/>
        <HasResources Value="True"/>
        <ResourceBaseClass Value="Form"/>
        <UnitName Value="frm_clienteam"/>
        <EditorIndex Value="7"/>
        <WindowIndex Value="0"/>
        <TopLine Value="182"/>
        <CursorPos X="46" Y="191"/>
        <UsageCount Value="202"/>
        <Loaded Value="True"/>
        <LoadedDesigner Value="True"/>
      </Unit6>
      <Unit7>
        <Filename Value="dmclientes.pas"/>
        <IsPartOfProject Value="True"/>
        <ComponentName Value="DM_Clientes"/>
        <HasResources Value="True"/>
        <ResourceBaseClass Value="DataModule"/>
        <UnitName Value="dmclientes"/>
        <WindowIndex Value="0"/>
        <TopLine Value="504"/>
        <CursorPos X="57" Y="510"/>
        <UsageCount Value="202"/>
        <Bookmarks Count="1">
          <Item0 X="1" Y="511" ID="1"/>
        </Bookmarks>
      </Unit7>
      <Unit8>
        <Filename Value="dmediciontugs.pas"/>
        <IsPartOfProject Value="True"/>
        <ComponentName Value="DM_EdicionTUGs"/>
        <HasResources Value="True"/>
        <ResourceBaseClass Value="DataModule"/>
        <UnitName Value="dmediciontugs"/>
        <WindowIndex Value="0"/>
        <TopLine Value="66"/>
        <CursorPos X="74" Y="64"/>
        <UsageCount Value="203"/>
      </Unit8>
      <Unit9>
        <Filename Value="frm_ediciontugs.pas"/>
        <IsPartOfProject Value="True"/>
        <ComponentName Value="frmEdicionTugs"/>
        <HasResources Value="True"/>
        <ResourceBaseClass Value="Form"/>
        <UnitName Value="frm_ediciontugs"/>
        <WindowIndex Value="0"/>
        <TopLine Value="55"/>
        <CursorPos X="35" Y="71"/>
        <UsageCount Value="203"/>
      </Unit9>
      <Unit10>
        <Filename Value="frm_busquedaclientes.pas"/>
        <IsPartOfProject Value="True"/>
        <ComponentName Value="frmBuscarCliente"/>
        <HasResources Value="True"/>
        <ResourceBaseClass Value="Form"/>
        <UnitName Value="frm_busquedaclientes"/>
        <WindowIndex Value="0"/>
        <TopLine Value="27"/>
        <CursorPos X="96" Y="110"/>
        <UsageCount Value="200"/>
      </Unit10>
      <Unit11>
        <Filename Value="dmbuscarcliente.pas"/>
        <IsPartOfProject Value="True"/>
        <ComponentName Value="DM_BuscarCliente"/>
        <HasResources Value="True"/>
        <ResourceBaseClass Value="DataModule"/>
        <UnitName Value="dmbuscarcliente"/>
        <WindowIndex Value="0"/>
        <TopLine Value="61"/>
        <CursorPos X="68" Y="62"/>
        <UsageCount Value="200"/>
      </Unit11>
      <Unit12>
        <Filename Value="frm_contactosae.pas"/>
        <IsPartOfProject Value="True"/>
        <ComponentName Value="frmContactosAE"/>
        <HasResources Value="True"/>
        <ResourceBaseClass Value="Form"/>
        <UnitName Value="frm_contactosAE"/>
        <WindowIndex Value="0"/>
        <TopLine Value="17"/>
        <CursorPos X="1" Y="45"/>
        <UsageCount Value="200"/>
      </Unit12>
      <Unit13>
        <Filename Value="frm_domicilioae.pas"/>
        <IsPartOfProject Value="True"/>
        <ComponentName Value="frm_DomiciliosAE"/>
        <HasResources Value="True"/>
        <ResourceBaseClass Value="Form"/>
        <UnitName Value="frm_domicilioae"/>
        <WindowIndex Value="0"/>
        <TopLine Value="65"/>
        <CursorPos X="14" Y="77"/>
        <UsageCount Value="204"/>
      </Unit13>
      <Unit14>
        <Filename Value="frm_equipocliente.pas"/>
        <IsPartOfProject Value="True"/>
        <ComponentName Value="frmEquipoCliente"/>
        <HasResources Value="True"/>
        <ResourceBaseClass Value="Form"/>
        <UnitName Value="frm_equipocliente"/>
        <WindowIndex Value="0"/>
        <TopLine Value="373"/>
        <CursorPos X="127" Y="404"/>
        <UsageCount Value="201"/>
        <Bookmarks Count="1">
          <Item0 X="1" Y="281" ID="2"/>
        </Bookmarks>
      </Unit14>
      <Unit15>
        <Filename Value="dmequipos.pas"/>
        <IsPartOfProject Value="True"/>
        <ComponentName Value="DM_Equipos"/>
        <HasResources Value="True"/>
        <ResourceBaseClass Value="DataModule"/>
        <UnitName Value="dmEquipos"/>
        <WindowIndex Value="0"/>
        <TopLine Value="533"/>
        <CursorPos X="47" Y="564"/>
        <UsageCount Value="200"/>
      </Unit15>
      <Unit16>
        <Filename Value="frm_presupuestoslistado.pas"/>
        <IsPartOfProject Value="True"/>
        <ComponentName Value="frmPresupuestosListados"/>
        <HasResources Value="True"/>
        <ResourceBaseClass Value="Form"/>
        <UnitName Value="frm_presupuestoslistado"/>
        <WindowIndex Value="0"/>
        <TopLine Value="96"/>
        <CursorPos X="27" Y="114"/>
        <UsageCount Value="200"/>
      </Unit16>
      <Unit17>
        <Filename Value="dmpresupuestos.pas"/>
        <IsPartOfProject Value="True"/>
        <ComponentName Value="DM_Presupuestos"/>
        <HasResources Value="True"/>
        <ResourceBaseClass Value="DataModule"/>
        <UnitName Value="dmpresupuestos"/>
        <WindowIndex Value="0"/>
        <TopLine Value="145"/>
        <CursorPos X="48" Y="176"/>
        <UsageCount Value="200"/>
      </Unit17>
      <Unit18>
        <Filename Value="frm_presupuestoae.pas"/>
        <IsPartOfProject Value="True"/>
        <ComponentName Value="frmPresupuestoAE"/>
        <HasResources Value="True"/>
        <ResourceBaseClass Value="Form"/>
        <UnitName Value="frm_presupuestoae"/>
        <WindowIndex Value="0"/>
        <TopLine Value="165"/>
        <CursorPos X="136" Y="175"/>
        <UsageCount Value="200"/>
      </Unit18>
      <Unit19>
        <Filename Value="frm_altamasivacuotas.pas"/>
        <IsPartOfProject Value="True"/>
        <ComponentName Value="frmAltaMasivaCuotas"/>
        <HasResources Value="True"/>
        <ResourceBaseClass Value="Form"/>
        <UnitName Value="frm_altamasivacuotas"/>
        <WindowIndex Value="0"/>
        <TopLine Value="104"/>
        <CursorPos X="8" Y="116"/>
        <UsageCount Value="200"/>
      </Unit19>
      <Unit20>
        <Filename Value="frm_cuotaae.pas"/>
        <IsPartOfProject Value="True"/>
        <ComponentName Value="frmCuotaAE"/>
        <HasResources Value="True"/>
        <ResourceBaseClass Value="Form"/>
        <UnitName Value="frm_cuotaae"/>
        <WindowIndex Value="0"/>
        <TopLine Value="127"/>
        <CursorPos X="48" Y="153"/>
        <UsageCount Value="200"/>
      </Unit20>
      <Unit21>
        <Filename Value="dmordenestrabajo.pas"/>
        <IsPartOfProject Value="True"/>
        <ComponentName Value="DM_OrdenesTrabajo"/>
        <HasResources Value="True"/>
        <ResourceBaseClass Value="DataModule"/>
        <UnitName Value="dmordenestrabajo"/>
        <WindowIndex Value="0"/>
        <TopLine Value="117"/>
        <CursorPos X="105" Y="135"/>
        <UsageCount Value="201"/>
      </Unit21>
      <Unit22>
        <Filename Value="frm_ordenestrabajolistado.pas"/>
        <IsPartOfProject Value="True"/>
        <ComponentName Value="frmOrdenesTrabajoListado"/>
        <HasResources Value="True"/>
        <ResourceBaseClass Value="Form"/>
        <UnitName Value="frm_ordenestrabajolistado"/>
        <WindowIndex Value="0"/>
        <TopLine Value="91"/>
        <CursorPos X="32" Y="109"/>
        <UsageCount Value="202"/>
        <Bookmarks Count="1">
          <Item0 X="3" Y="87" ID="1"/>
        </Bookmarks>
      </Unit22>
      <Unit23>
        <Filename Value="frm_ordentrabajoae.pas"/>
        <IsPartOfProject Value="True"/>
        <ComponentName Value="frmOrdenTrabajoAE"/>
        <HasResources Value="True"/>
        <ResourceBaseClass Value="Form"/>
        <UnitName Value="frm_ordentrabajoae"/>
        <WindowIndex Value="0"/>
        <TopLine Value="141"/>
        <CursorPos X="1" Y="142"/>
        <UsageCount Value="200"/>
      </Unit23>
      <Unit24>
        <Filename Value="frm_equiposeleccion.pas"/>
        <IsPartOfProject Value="True"/>
        <ComponentName Value="frmEquipoSeleccion"/>
        <HasResources Value="True"/>
        <ResourceBaseClass Value="Form"/>
        <UnitName Value="frm_equiposeleccion"/>
        <WindowIndex Value="0"/>
        <TopLine Value="24"/>
        <CursorPos X="34" Y="57"/>
        <UsageCount Value="200"/>
      </Unit24>
      <Unit25>
        <Filename Value="frm_presupuestoseleccion.pas"/>
        <IsPartOfProject Value="True"/>
        <ComponentName Value="FrmPresupuestoSeleccion"/>
        <HasResources Value="True"/>
        <ResourceBaseClass Value="Form"/>
        <UnitName Value="frm_presupuestoseleccion"/>
        <WindowIndex Value="0"/>
        <TopLine Value="25"/>
        <CursorPos X="32" Y="31"/>
        <UsageCount Value="201"/>
      </Unit25>
      <Unit26>
        <Filename Value="frm_conservadorae.pas"/>
        <IsPartOfProject Value="True"/>
        <ComponentName Value="frmConservadorAE"/>
        <HasResources Value="True"/>
        <ResourceBaseClass Value="Form"/>
        <UnitName Value="frm_conservadorae"/>
        <WindowIndex Value="0"/>
        <TopLine Value="39"/>
        <CursorPos X="48" Y="52"/>
        <UsageCount Value="200"/>
      </Unit26>
      <Unit27>
        <Filename Value="frm_conservadoreslistado.pas"/>
        <IsPartOfProject Value="True"/>
        <ComponentName Value="FrmConservadoresListado"/>
        <HasResources Value="True"/>
        <ResourceBaseClass Value="Form"/>
        <UnitName Value="frm_conservadoreslistado"/>
        <WindowIndex Value="0"/>
        <TopLine Value="63"/>
        <CursorPos X="3" Y="92"/>
        <UsageCount Value="202"/>
      </Unit27>
      <Unit28>
        <Filename Value="frm_resptecnicoslistado.pas"/>
        <IsPartOfProject Value="True"/>
        <ComponentName Value="frmResponsablesTecnicosListado"/>
        <HasResources Value="True"/>
        <ResourceBaseClass Value="Form"/>
        <UnitName Value="frm_resptecnicoslistado"/>
        <WindowIndex Value="0"/>
        <TopLine Value="57"/>
        <CursorPos X="26" Y="62"/>
        <UsageCount Value="200"/>
      </Unit28>
      <Unit29>
        <Filename Value="frm_resptecnicoae.pas"/>
        <IsPartOfProject Value="True"/>
        <ComponentName Value="frmResponsableTecnicoAE"/>
        <HasResources Value="True"/>
        <ResourceBaseClass Value="Form"/>
        <UnitName Value="frm_resptecnicoae"/>
        <WindowIndex Value="0"/>
        <TopLine Value="2"/>
        <CursorPos X="36" Y="26"/>
        <UsageCount Value="200"/>
      </Unit29>
      <Unit30>
        <Filename Value="frm_administradoressel.pas"/>
        <IsPartOfProject Value="True"/>
        <ComponentName Value="frmAdministradoresSel"/>
        <HasResources Value="True"/>
        <ResourceBaseClass Value="Form"/>
        <UnitName Value="frm_administradoressel"/>
        <WindowIndex Value="0"/>
        <TopLine Value="58"/>
        <CursorPos X="69" Y="95"/>
        <UsageCount Value="201"/>
      </Unit30>
      <Unit31>
        <Filename Value="frm_reclamosam.pas"/>
        <IsPartOfProject Value="True"/>
        <ComponentName Value="frmReclamosAM"/>
        <HasResources Value="True"/>
        <ResourceBaseClass Value="Form"/>
        <UnitName Value="frm_reclamosam"/>
        <WindowIndex Value="0"/>
        <TopLine Value="277"/>
        <CursorPos X="20" Y="281"/>
        <UsageCount Value="200"/>
      </Unit31>
      <Unit32>
        <Filename Value="dmreclamos.pas"/>
        <IsPartOfProject Value="True"/>
        <ComponentName Value="dm_reclamos"/>
        <HasResources Value="True"/>
        <ResourceBaseClass Value="DataModule"/>
        <UnitName Value="dmreclamos"/>
        <WindowIndex Value="0"/>
        <TopLine Value="150"/>
        <CursorPos X="34" Y="175"/>
        <UsageCount Value="200"/>
      </Unit32>
      <Unit33>
        <Filename Value="frm_reclamoslistado.pas"/>
        <IsPartOfProject Value="True"/>
        <ComponentName Value="frmReclamosListado"/>
        <HasResources Value="True"/>
        <ResourceBaseClass Value="Form"/>
        <UnitName Value="frm_reclamoslistado"/>
        <WindowIndex Value="0"/>
        <TopLine Value="154"/>
        <CursorPos X="3" Y="156"/>
        <UsageCount Value="200"/>
      </Unit33>
      <Unit34>
        <Filename Value="frm_remitoslistado.pas"/>
        <IsPartOfProject Value="True"/>
        <ComponentName Value="frmRemitosListado"/>
        <HasResources Value="True"/>
        <ResourceBaseClass Value="Form"/>
        <UnitName Value="frm_remitoslistado"/>
        <WindowIndex Value="0"/>
        <TopLine Value="167"/>
        <CursorPos X="71" Y="200"/>
        <UsageCount Value="201"/>
      </Unit34>
      <Unit35>
        <Filename Value="dmremitos.pas"/>
        <IsPartOfProject Value="True"/>
        <ComponentName Value="DM_Remitos"/>
        <HasResources Value="True"/>
        <ResourceBaseClass Value="DataModule"/>
        <UnitName Value="dmremitos"/>
        <WindowIndex Value="0"/>
        <TopLine Value="15"/>
        <CursorPos X="81" Y="46"/>
        <UsageCount Value="200"/>
      </Unit35>
      <Unit36>
        <Filename Value="frm_remitosae.pas"/>
        <IsPartOfProject Value="True"/>
        <ComponentName Value="frmRemitosAE"/>
        <HasResources Value="True"/>
        <ResourceBaseClass Value="Form"/>
        <UnitName Value="frm_remitosae"/>
        <WindowIndex Value="0"/>
        <TopLine Value="278"/>
        <CursorPos X="23" Y="337"/>
        <UsageCount Value="200"/>
      </Unit36>
      <Unit37>
        <Filename Value="frm_listadopersonal.pas"/>
        <IsPartOfProject Value="True"/>
        <ComponentName Value="frmListadoPersonal"/>
        <HasResources Value="True"/>
        <ResourceBaseClass Value="Form"/>
        <UnitName Value="frm_listadopersonal"/>
        <WindowIndex Value="0"/>
        <TopLine Value="37"/>
        <CursorPos X="6" Y="88"/>
        <UsageCount Value="200"/>
      </Unit37>
      <Unit38>
        <Filename Value="frm_cajalistado.pas"/>
        <IsPartOfProject Value="True"/>
        <ComponentName Value="frmCajaListado"/>
        <HasResources Value="True"/>
        <ResourceBaseClass Value="Form"/>
        <UnitName Value="frm_cajalistado"/>
        <WindowIndex Value="0"/>
        <TopLine Value="49"/>
        <CursorPos X="4" Y="66"/>
        <UsageCount Value="204"/>
      </Unit38>
      <Unit39>
        <Filename Value="dmcaja.pas"/>
        <IsPartOfProject Value="True"/>
        <ComponentName Value="DM_CAJA"/>
        <HasResources Value="True"/>
        <ResourceBaseClass Value="DataModule"/>
        <UnitName Value="dmcaja"/>
        <WindowIndex Value="0"/>
        <TopLine Value="136"/>
        <CursorPos X="37" Y="144"/>
        <UsageCount Value="204"/>
      </Unit39>
      <Unit40>
        <Filename Value="frm_cajaconceptoae.pas"/>
        <IsPartOfProject Value="True"/>
        <ComponentName Value="frmCajaConceptoAE"/>
        <HasResources Value="True"/>
        <ResourceBaseClass Value="Form"/>
        <UnitName Value="frm_cajaconceptoae"/>
        <WindowIndex Value="0"/>
        <TopLine Value="50"/>
        <CursorPos X="84" Y="80"/>
        <UsageCount Value="201"/>
      </Unit40>
      <Unit41>
        <Filename Value="frm_conceptoae.pas"/>
        <IsPartOfProject Value="True"/>
        <ComponentName Value="frmConceptoAE"/>
        <HasResources Value="True"/>
        <ResourceBaseClass Value="Form"/>
        <UnitName Value="frm_conceptoae"/>
        <WindowIndex Value="0"/>
        <TopLine Value="37"/>
        <CursorPos X="74" Y="58"/>
        <UsageCount Value="200"/>
      </Unit41>
      <Unit42>
        <Filename Value="frm_tugconceptoslistado.pas"/>
        <IsPartOfProject Value="True"/>
        <ComponentName Value="frmTugConceptosListado"/>
        <HasResources Value="True"/>
        <ResourceBaseClass Value="Form"/>
        <UnitName Value="frm_tugconceptoslistado"/>
        <WindowIndex Value="0"/>
        <TopLine Value="39"/>
        <CursorPos X="14" Y="53"/>
        <UsageCount Value="209"/>
      </Unit42>
      <Unit43>
        <Filename Value="dmproveedores.pas"/>
        <IsPartOfProject Value="True"/>
        <ComponentName Value="DM_Proveedores"/>
        <HasResources Value="True"/>
        <ResourceBaseClass Value="DataModule"/>
        <UnitName Value="dmproveedores"/>
        <WindowIndex Value="0"/>
        <TopLine Value="268"/>
        <CursorPos X="125" Y="281"/>
        <UsageCount Value="202"/>
      </Unit43>
      <Unit44>
        <Filename Value="frm_proveedoreslistado.pas"/>
        <IsPartOfProject Value="True"/>
        <ComponentName Value="frmProveedoresListado"/>
        <HasResources Value="True"/>
        <ResourceBaseClass Value="Form"/>
        <UnitName Value="frm_proveedoreslistado"/>
        <WindowIndex Value="0"/>
        <TopLine Value="75"/>
        <CursorPos X="120" Y="66"/>
        <UsageCount Value="202"/>
      </Unit44>
      <Unit45>
        <Filename Value="frm_proveedoresae.pas"/>
        <IsPartOfProject Value="True"/>
        <ComponentName Value="frmProveedorAE"/>
        <HasResources Value="True"/>
        <ResourceBaseClass Value="Form"/>
        <UnitName Value="frm_proveedoresae"/>
        <WindowIndex Value="0"/>
        <TopLine Value="114"/>
        <CursorPos X="49" Y="129"/>
        <UsageCount Value="201"/>
      </Unit45>
      <Unit46>
        <Filename Value="frm_clientespotencialeslistado.pas"/>
        <IsPartOfProject Value="True"/>
        <ComponentName Value="frmClientesPotencialesListado"/>
        <HasResources Value="True"/>
        <ResourceBaseClass Value="Form"/>
        <UnitName Value="frm_clientespotencialeslistado"/>
        <WindowIndex Value="0"/>
        <TopLine Value="60"/>
        <CursorPos X="105" Y="91"/>
        <UsageCount Value="200"/>
      </Unit46>
      <Unit47>
        <Filename Value="dmclientespotenciales.pas"/>
        <IsPartOfProject Value="True"/>
        <ComponentName Value="DM_ClientesPotenciales"/>
        <HasResources Value="True"/>
        <ResourceBaseClass Value="DataModule"/>
        <UnitName Value="dmclientespotenciales"/>
        <WindowIndex Value="0"/>
        <TopLine Value="98"/>
        <CursorPos X="4" Y="105"/>
        <UsageCount Value="200"/>
      </Unit47>
      <Unit48>
        <Filename Value="frm_clientespotencialesae.pas"/>
        <IsPartOfProject Value="True"/>
        <ComponentName Value="frmClientesPotencialesAE"/>
        <HasResources Value="True"/>
        <ResourceBaseClass Value="Form"/>
        <UnitName Value="frm_clientespotencialesae"/>
        <WindowIndex Value="0"/>
        <TopLine Value="20"/>
        <CursorPos X="81" Y="40"/>
        <UsageCount Value="200"/>
      </Unit48>
      <Unit49>
        <Filename Value="frm_listadocheques.pas"/>
        <IsPartOfProject Value="True"/>
        <ComponentName Value="frmListadoCheques"/>
        <HasResources Value="True"/>
        <ResourceBaseClass Value="Form"/>
        <UnitName Value="frm_listadocheques"/>
        <WindowIndex Value="0"/>
        <TopLine Value="200"/>
        <CursorPos X="58" Y="206"/>
        <UsageCount Value="200"/>
        <Bookmarks Count="1">
          <Item0 X="26" Y="218" ID="1"/>
        </Bookmarks>
      </Unit49>
      <Unit50>
        <Filename Value="dmcheques.pas"/>
        <IsPartOfProject Value="True"/>
        <ComponentName Value="DM_Cheques"/>
        <HasResources Value="True"/>
        <ResourceBaseClass Value="DataModule"/>
        <UnitName Value="dmcheques"/>
        <WindowIndex Value="0"/>
        <TopLine Value="1"/>
        <CursorPos X="12" Y="25"/>
        <UsageCount Value="200"/>
      </Unit50>
      <Unit51>
        <Filename Value="frm_chequesae.pas"/>
        <IsPartOfProject Value="True"/>
        <ComponentName Value="frmChequeAE"/>
        <HasResources Value="True"/>
        <ResourceBaseClass Value="Form"/>
        <UnitName Value="frm_chequesae"/>
        <WindowIndex Value="0"/>
        <TopLine Value="131"/>
        <CursorPos X="49" Y="164"/>
        <UsageCount Value="211"/>
      </Unit51>
      <Unit52>
        <Filename Value="dmbuscarpersonaempresa.pas"/>
        <IsPartOfProject Value="True"/>
        <ComponentName Value="DM_BuscarPersonaEmpresa"/>
        <HasResources Value="True"/>
        <ResourceBaseClass Value="DataModule"/>
        <UnitName Value="dmbuscarpersonaempresa"/>
        <WindowIndex Value="0"/>
        <TopLine Value="103"/>
        <CursorPos X="43" Y="106"/>
        <UsageCount Value="205"/>
      </Unit52>
      <Unit53>
        <Filename Value="frm_busquedapersonasempresas.pas"/>
        <IsPartOfProject Value="True"/>
        <ComponentName Value="frmBusquedaPersonasEmpresas"/>
        <HasResources Value="True"/>
        <ResourceBaseClass Value="Form"/>
        <UnitName Value="frm_busquedapersonasempresas"/>
        <WindowIndex Value="0"/>
        <TopLine Value="49"/>
        <CursorPos X="20" Y="67"/>
        <UsageCount Value="204"/>
      </Unit53>
      <Unit54>
        <Filename Value="dmcompras.pas"/>
        <IsPartOfProject Value="True"/>
        <ComponentName Value="DM_Compras"/>
        <HasResources Value="True"/>
        <ResourceBaseClass Value="DataModule"/>
        <UnitName Value="dmcompras"/>
        <WindowIndex Value="0"/>
        <TopLine Value="682"/>
        <CursorPos X="50" Y="690"/>
        <UsageCount Value="200"/>
        <Bookmarks Count="2">
          <Item0 X="54" Y="719" ID="9"/>
          <Item1 X="20" Y="902" ID="1"/>
        </Bookmarks>
      </Unit54>
      <Unit55>
        <Filename Value="frm_compraslistado.pas"/>
        <IsPartOfProject Value="True"/>
        <ComponentName Value="frmComprasListado"/>
        <HasResources Value="True"/>
        <ResourceBaseClass Value="Form"/>
        <UnitName Value="frm_compraslistado"/>
        <WindowIndex Value="0"/>
        <TopLine Value="198"/>
        <CursorPos X="3" Y="223"/>
        <UsageCount Value="200"/>
      </Unit55>
      <Unit56>
        <Filename Value="frm_comprasae.pas"/>
        <IsPartOfProject Value="True"/>
        <ComponentName Value="frmComprasAE"/>
        <HasResources Value="True"/>
        <ResourceBaseClass Value="Form"/>
        <UnitName Value="frm_comprasae"/>
        <WindowIndex Value="0"/>
        <TopLine Value="74"/>
        <CursorPos X="143" Y="85"/>
        <UsageCount Value="238"/>
      </Unit56>
      <Unit57>
        <Filename Value="dmplandecuentas.pas"/>
        <IsPartOfProject Value="True"/>
        <ComponentName Value="DM_PlanDeCuentas"/>
        <HasResources Value="True"/>
        <ResourceBaseClass Value="DataModule"/>
        <UnitName Value="dmplandecuentas"/>
        <WindowIndex Value="0"/>
        <TopLine Value="130"/>
        <CursorPos X="36" Y="163"/>
        <UsageCount Value="233"/>
      </Unit57>
      <Unit58>
        <Filename Value="frm_plandecuentaslistado.pas"/>
        <IsPartOfProject Value="True"/>
        <ComponentName Value="frmPlanDeCuentasListado"/>
        <HasResources Value="True"/>
        <ResourceBaseClass Value="Form"/>
        <UnitName Value="frm_plandecuentaslistado"/>
        <WindowIndex Value="0"/>
        <TopLine Value="75"/>
        <CursorPos X="25" Y="87"/>
        <UsageCount Value="232"/>
      </Unit58>
      <Unit59>
        <Filename Value="frm_plandecuentasae.pas"/>
        <IsPartOfProject Value="True"/>
        <ComponentName Value="frmPlanDeCuentasAE"/>
        <HasResources Value="True"/>
        <ResourceBaseClass Value="Form"/>
        <UnitName Value="frm_plandecuentasae"/>
        <WindowIndex Value="0"/>
        <TopLine Value="33"/>
        <CursorPos X="71" Y="24"/>
        <UsageCount Value="231"/>
      </Unit59>
      <Unit60>
        <Filename Value="frm_ordenespagolistado.pas"/>
        <IsPartOfProject Value="True"/>
        <ComponentName Value="frmOrdenesPagoListado"/>
        <HasResources Value="True"/>
        <ResourceBaseClass Value="Form"/>
        <UnitName Value="frm_ordenespagolistado"/>
        <WindowIndex Value="0"/>
        <TopLine Value="81"/>
        <CursorPos X="62" Y="85"/>
        <UsageCount Value="205"/>
      </Unit60>
      <Unit61>
        <Filename Value="dmordenesdepago.pas"/>
        <IsPartOfProject Value="True"/>
        <ComponentName Value="DM_OrdenesDePago"/>
        <HasResources Value="True"/>
        <ResourceBaseClass Value="DataModule"/>
        <UnitName Value="dmordenesdepago"/>
        <WindowIndex Value="0"/>
        <TopLine Value="186"/>
        <CursorPos X="37" Y="204"/>
        <UsageCount Value="205"/>
      </Unit61>
      <Unit62>
        <Filename Value="frm_ordenpagoae.pas"/>
        <IsPartOfProject Value="True"/>
        <ComponentName Value="frmOrdenDePagoAE"/>
        <HasResources Value="True"/>
        <ResourceBaseClass Value="Form"/>
        <UnitName Value="frm_ordenpagoae"/>
        <WindowIndex Value="0"/>
        <TopLine Value="45"/>
        <CursorPos X="52" Y="70"/>
        <UsageCount Value="201"/>
      </Unit62>
      <Unit63>
        <Filename Value="frm_cargavalores.pas"/>
        <IsPartOfProject Value="True"/>
        <ComponentName Value="frmCargaValores"/>
        <HasResources Value="True"/>
        <ResourceBaseClass Value="Form"/>
        <UnitName Value="frm_cargavalores"/>
        <WindowIndex Value="0"/>
        <TopLine Value="52"/>
        <CursorPos X="1" Y="82"/>
        <UsageCount Value="200"/>
      </Unit63>
      <Unit64>
        <Filename Value="dmvalores.pas"/>
        <IsPartOfProject Value="True"/>
        <ComponentName Value="DM_Valores"/>
        <HasResources Value="True"/>
        <ResourceBaseClass Value="DataModule"/>
        <UnitName Value="dmvalores"/>
        <WindowIndex Value="0"/>
        <TopLine Value="137"/>
        <CursorPos X="33" Y="154"/>
        <UsageCount Value="200"/>
      </Unit64>
      <Unit65>
        <Filename Value="frm_pagocomprobantes.pas"/>
        <ComponentName Value="frmPagoComprobante"/>
        <HasResources Value="True"/>
        <ResourceBaseClass Value="Form"/>
        <UnitName Value="frm_pagocomprobantes"/>
        <WindowIndex Value="0"/>
        <TopLine Value="39"/>
        <CursorPos X="5" Y="60"/>
        <UsageCount Value="200"/>
      </Unit65>
      <Unit66>
        <Filename Value="frm_tuglocalidades.pas"/>
        <IsPartOfProject Value="True"/>
        <ComponentName Value="frmTugLocalidades"/>
        <HasResources Value="True"/>
        <ResourceBaseClass Value="Form"/>
        <UnitName Value="frm_tuglocalidades"/>
        <WindowIndex Value="0"/>
        <TopLine Value="106"/>
        <CursorPos X="37" Y="110"/>
        <UsageCount Value="201"/>
      </Unit66>
      <Unit67>
        <Filename Value="dmlocalidades.pas"/>
        <IsPartOfProject Value="True"/>
        <ComponentName Value="DM_Localidades"/>
        <HasResources Value="True"/>
        <ResourceBaseClass Value="DataModule"/>
        <UnitName Value="dmlocalidades"/>
        <WindowIndex Value="0"/>
        <TopLine Value="68"/>
        <CursorPos X="67" Y="87"/>
        <UsageCount Value="200"/>
      </Unit67>
      <Unit68>
        <Filename Value="frm_localidadae.pas"/>
        <IsPartOfProject Value="True"/>
        <ComponentName Value="frmLocalidadAE"/>
        <HasResources Value="True"/>
        <ResourceBaseClass Value="Form"/>
        <UnitName Value="frm_localidadae"/>
        <WindowIndex Value="0"/>
        <TopLine Value="14"/>
        <CursorPos X="77" Y="18"/>
        <UsageCount Value="200"/>
      </Unit68>
      <Unit69>
        <Filename Value="frm_egresosvarioslistado.pas"/>
        <IsPartOfProject Value="True"/>
        <ComponentName Value="frmEgresosVariosListado"/>
        <HasResources Value="True"/>
        <ResourceBaseClass Value="Form"/>
        <UnitName Value="frm_egresosvarioslistado"/>
        <WindowIndex Value="0"/>
        <TopLine Value="73"/>
        <CursorPos X="37" Y="105"/>
        <UsageCount Value="200"/>
      </Unit69>
      <Unit70>
        <Filename Value="dmegresosvarios.pas"/>
        <IsPartOfProject Value="True"/>
        <ComponentName Value="DM_EgresosVarios"/>
        <HasResources Value="True"/>
        <ResourceBaseClass Value="DataModule"/>
        <UnitName Value="dmegresosvarios"/>
        <WindowIndex Value="0"/>
        <TopLine Value="69"/>
        <CursorPos X="23" Y="86"/>
        <UsageCount Value="200"/>
        <Bookmarks Count="1">
          <Item0 X="3" Y="394" ID="1"/>
        </Bookmarks>
      </Unit70>
      <Unit71>
        <Filename Value="frm_egresosvariosae.pas"/>
        <IsPartOfProject Value="True"/>
        <ComponentName Value="frmEgresoVarioAE"/>
        <HasResources Value="True"/>
        <ResourceBaseClass Value="Form"/>
        <UnitName Value="frm_egresosvariosae"/>
        <WindowIndex Value="0"/>
        <TopLine Value="32"/>
        <CursorPos X="109" Y="38"/>
        <UsageCount Value="200"/>
      </Unit71>
      <Unit72>
        <Filename Value="frm_egresoae.pas"/>
        <IsPartOfProject Value="True"/>
        <ComponentName Value="frmEgresoAE"/>
        <HasResources Value="True"/>
        <ResourceBaseClass Value="Form"/>
        <UnitName Value="frm_egresoae"/>
        <WindowIndex Value="0"/>
        <TopLine Value="98"/>
        <CursorPos X="42" Y="129"/>
        <UsageCount Value="201"/>
      </Unit72>
      <Unit73>
        <Filename Value="frm_asignarpagofactura.pas"/>
        <IsPartOfProject Value="True"/>
        <ComponentName Value="frmAsignarPagoFacturas"/>
        <HasResources Value="True"/>
        <ResourceBaseClass Value="Form"/>
        <UnitName Value="frm_asignarpagofactura"/>
        <WindowIndex Value="0"/>
        <TopLine Value="93"/>
        <CursorPos X="75" Y="124"/>
        <UsageCount Value="184"/>
      </Unit73>
      <Unit74>
        <Filename Value="frm_egresosvariosae.lfm"/>
        <WindowIndex Value="0"/>
        <TopLine Value="1"/>
        <CursorPos X="36" Y="120"/>
        <UsageCount Value="2"/>
        <DefaultSyntaxHighlighter Value="LFM"/>
      </Unit74>
      <Unit75>
        <Filename Value="frm_conservadorae.lfm"/>
        <WindowIndex Value="0"/>
        <TopLine Value="1"/>
        <CursorPos X="1" Y="1"/>
        <UsageCount Value="2"/>
        <DefaultSyntaxHighlighter Value="LFM"/>
      </Unit75>
      <Unit76>
        <Filename Value="frm_comprasae.lfm"/>
        <HasResources Value="True"/>
        <ResourceBaseClass Value="Form"/>
        <WindowIndex Value="0"/>
        <TopLine Value="243"/>
        <CursorPos X="36" Y="214"/>
        <UsageCount Value="2"/>
        <DefaultSyntaxHighlighter Value="LFM"/>
      </Unit76>
      <Unit77>
        <Filename Value="frm_altamasivacuotas.lfm"/>
        <WindowIndex Value="0"/>
        <TopLine Value="124"/>
        <CursorPos X="120" Y="127"/>
        <UsageCount Value="2"/>
        <DefaultSyntaxHighlighter Value="LFM"/>
      </Unit77>
      <Unit78>
        <Filename Value="frm_cajaconceptoae.lfm"/>
        <WindowIndex Value="0"/>
        <TopLine Value="1"/>
        <CursorPos X="50" Y="3"/>
        <UsageCount Value="2"/>
        <DefaultSyntaxHighlighter Value="LFM"/>
      </Unit78>
      <Unit79>
        <Filename Value="frm_cajalistado.lfm"/>
        <WindowIndex Value="0"/>
        <TopLine Value="16"/>
        <CursorPos X="7" Y="35"/>
        <UsageCount Value="2"/>
        <DefaultSyntaxHighlighter Value="LFM"/>
      </Unit79>
      <Unit80>
        <Filename Value="frm_presupuestoae.lfm"/>
        <WindowIndex Value="0"/>
        <TopLine Value="1"/>
        <CursorPos X="78" Y="5"/>
        <UsageCount Value="2"/>
        <DefaultSyntaxHighlighter Value="LFM"/>
      </Unit80>
      <Unit81>
        <Filename Value="frm_remitosae.lfm"/>
        <WindowIndex Value="0"/>
        <TopLine Value="102"/>
        <CursorPos X="65" Y="109"/>
        <UsageCount Value="2"/>
        <DefaultSyntaxHighlighter Value="LFM"/>
      </Unit81>
      <Unit82>
        <Filename Value="frm_chequesae.lfm"/>
        <WindowIndex Value="0"/>
        <TopLine Value="401"/>
        <CursorPos X="1" Y="432"/>
        <UsageCount Value="2"/>
        <DefaultSyntaxHighlighter Value="LFM"/>
      </Unit82>
      <Unit83>
        <Filename Value="frm_cuotaae.lfm"/>
        <WindowIndex Value="0"/>
        <TopLine Value="64"/>
        <CursorPos X="5" Y="83"/>
        <UsageCount Value="2"/>
        <DefaultSyntaxHighlighter Value="LFM"/>
      </Unit83>
      <Unit84>
        <Filename Value="frm_equipocliente.lfm"/>
        <WindowIndex Value="0"/>
        <TopLine Value="2229"/>
        <CursorPos X="1" Y="2252"/>
        <UsageCount Value="2"/>
        <DefaultSyntaxHighlighter Value="LFM"/>
      </Unit84>
      <Unit85>
        <Filename Value="frm_ordenpagoae.lfm"/>
        <WindowIndex Value="0"/>
        <TopLine Value="21"/>
        <CursorPos X="22" Y="58"/>
        <UsageCount Value="2"/>
        <DefaultSyntaxHighlighter Value="LFM"/>
      </Unit85>
      <Unit86>
        <Filename Value="frm_ordentrabajoae.lfm"/>
        <WindowIndex Value="0"/>
        <TopLine Value="465"/>
        <CursorPos X="84" Y="497"/>
        <UsageCount Value="2"/>
        <DefaultSyntaxHighlighter Value="LFM"/>
      </Unit86>
      <Unit87>
        <Filename Value="frm_reclamosam.lfm"/>
        <WindowIndex Value="0"/>
        <TopLine Value="155"/>
        <CursorPos X="93" Y="161"/>
        <UsageCount Value="2"/>
        <DefaultSyntaxHighlighter Value="LFM"/>
      </Unit87>
      <Unit88>
        <Filename Value="listados\src\frm_detallepagos.lfm"/>
        <WindowIndex Value="0"/>
        <TopLine Value="17"/>
        <CursorPos X="1" Y="33"/>
        <UsageCount Value="2"/>
        <DefaultSyntaxHighlighter Value="LFM"/>
      </Unit88>
      <Unit89>
        <Filename Value="listados\src\frm_subdiariopagos.lfm"/>
        <WindowIndex Value="0"/>
        <TopLine Value="211"/>
        <CursorPos X="7" Y="230"/>
        <UsageCount Value="2"/>
        <DefaultSyntaxHighlighter Value="LFM"/>
      </Unit89>
      <Unit90>
        <Filename Value="listados\src\frm_gruporemitos.lfm"/>
        <WindowIndex Value="0"/>
        <TopLine Value="121"/>
        <CursorPos X="9" Y="140"/>
        <UsageCount Value="2"/>
        <DefaultSyntaxHighlighter Value="LFM"/>
      </Unit90>
      <Unit91>
        <Filename Value="listados\src\frm_proveedorcuentacorriente.lfm"/>
        <WindowIndex Value="0"/>
        <TopLine Value="108"/>
        <CursorPos X="1" Y="124"/>
        <UsageCount Value="2"/>
        <DefaultSyntaxHighlighter Value="LFM"/>
      </Unit91>
      <Unit92>
        <Filename Value="listados\src\frm_subdiariocompras.lfm"/>
        <WindowIndex Value="0"/>
        <TopLine Value="66"/>
        <CursorPos X="1" Y="80"/>
        <UsageCount Value="2"/>
        <DefaultSyntaxHighlighter Value="LFM"/>
      </Unit92>
      <Unit93>
        <Filename Value="listados\src\frm_grupocuentas.lfm"/>
        <WindowIndex Value="0"/>
        <TopLine Value="76"/>
        <CursorPos X="1" Y="90"/>
        <UsageCount Value="2"/>
        <DefaultSyntaxHighlighter Value="LFM"/>
      </Unit93>
      <Unit94>
        <Filename Value="listados\src\lib\i386-win32\frm_detallepagos.lfm"/>
        <WindowIndex Value="0"/>
        <TopLine Value="68"/>
        <CursorPos X="1" Y="84"/>
        <UsageCount Value="2"/>
        <DefaultSyntaxHighlighter Value="LFM"/>
      </Unit94>
      <Unit95>
        <Filename Value="listados\src\lib\i386-win32\frm_subdiariopagos.lfm"/>
        <WindowIndex Value="0"/>
        <TopLine Value="211"/>
        <CursorPos X="1" Y="227"/>
        <UsageCount Value="2"/>
        <DefaultSyntaxHighlighter Value="LFM"/>
      </Unit95>
      <Unit96>
        <Filename Value="listados\src\lib\i386-win32\frm_gruporemitos.lfm"/>
        <TopLine Value="121"/>
        <CursorPos X="1" Y="137"/>
        <UsageCount Value="2"/>
        <DefaultSyntaxHighlighter Value="LFM"/>
      </Unit96>
      <Unit97>
        <Filename Value="listados\src\lib\i386-win32\frm_proveedorcuentacorriente.lfm"/>
        <WindowIndex Value="0"/>
        <TopLine Value="108"/>
        <CursorPos X="1" Y="124"/>
        <UsageCount Value="2"/>
        <DefaultSyntaxHighlighter Value="LFM"/>
      </Unit97>
      <Unit98>
        <Filename Value="listados\src\lib\i386-win32\frm_subdiariocompras.lfm"/>
        <WindowIndex Value="0"/>
        <TopLine Value="66"/>
        <CursorPos X="1" Y="82"/>
        <UsageCount Value="2"/>
        <DefaultSyntaxHighlighter Value="LFM"/>
      </Unit98>
      <Unit99>
        <Filename Value="listados\src\lib\i386-win32\frm_grupocuentas.lfm"/>
        <WindowIndex Value="0"/>
        <TopLine Value="76"/>
        <CursorPos X="1" Y="92"/>
        <UsageCount Value="2"/>
        <DefaultSyntaxHighlighter Value="LFM"/>
      </Unit99>
      <Unit100>
        <Filename Value="lib\i386-win32\frm_chequesae.lfm"/>
        <WindowIndex Value="0"/>
        <TopLine Value="416"/>
        <CursorPos X="1" Y="432"/>
        <UsageCount Value="2"/>
        <DefaultSyntaxHighlighter Value="LFM"/>
      </Unit100>
      <Unit101>
        <Filename Value="lib\i386-win32\frm_cajalistado.lfm"/>
        <WindowIndex Value="0"/>
        <TopLine Value="13"/>
        <CursorPos X="1" Y="35"/>
        <UsageCount Value="2"/>
        <DefaultSyntaxHighlighter Value="LFM"/>
      </Unit101>
      <Unit102>
        <Filename Value="lib\i386-win32\frm_cuotaae.lfm"/>
        <WindowIndex Value="0"/>
        <TopLine Value="298"/>
        <CursorPos X="78" Y="313"/>
        <UsageCount Value="2"/>
        <DefaultSyntaxHighlighter Value="LFM"/>
      </Unit102>
      <Unit103>
        <Filename Value="frm_clientecontacto.pas"/>
        <IsPartOfProject Value="True"/>
        <ComponentName Value="frmContactoCliente"/>
        <HasResources Value="True"/>
        <ResourceBaseClass Value="Form"/>
        <UnitName Value="frm_clientecontacto"/>
        <WindowIndex Value="0"/>
        <TopLine Value="99"/>
        <CursorPos X="3" Y="101"/>
        <UsageCount Value="132"/>
      </Unit103>
      <Unit104>
        <Filename Value="dmcompensaciones.pas"/>
        <IsPartOfProject Value="True"/>
        <ComponentName Value="DM_Compensaciones"/>
        <HasResources Value="True"/>
        <ResourceBaseClass Value="DataModule"/>
        <UnitName Value="dmcompensaciones"/>
        <WindowIndex Value="0"/>
        <TopLine Value="72"/>
        <CursorPos X="74" Y="90"/>
        <UsageCount Value="97"/>
      </Unit104>
      <Unit105>
        <Filename Value="frm_compensaciones.pas"/>
        <IsPartOfProject Value="True"/>
        <ComponentName Value="frmCompensaciones"/>
        <HasResources Value="True"/>
        <ResourceBaseClass Value="Form"/>
        <UnitName Value="frm_compensaciones"/>
        <WindowIndex Value="0"/>
        <TopLine Value="84"/>
        <CursorPos X="33" Y="112"/>
        <UsageCount Value="97"/>
      </Unit105>
      <Unit106>
        <Filename Value="dmcompensaciones.lfm"/>
        <WindowIndex Value="0"/>
        <TopLine Value="333"/>
        <CursorPos X="15" Y="8"/>
        <UsageCount Value="7"/>
        <DefaultSyntaxHighlighter Value="LFM"/>
      </Unit106>
      <Unit107>
        <Filename Value="..\..\..\Utiles\lazarus\components\zeos\src\component\ZAbstractRODataset.pas"/>
        <UnitName Value="ZAbstractRODataset"/>
        <WindowIndex Value="0"/>
        <TopLine Value="413"/>
        <CursorPos X="14" Y="430"/>
        <UsageCount Value="10"/>
        <DefaultSyntaxHighlighter Value="Delphi"/>
      </Unit107>
      <Unit108>
        <Filename Value="..\..\..\Utiles\lazarus\lcl\include\application.inc"/>
        <WindowIndex Value="0"/>
        <TopLine Value="2138"/>
        <CursorPos X="1" Y="2166"/>
        <UsageCount Value="8"/>
      </Unit108>
      <Unit109>
        <Filename Value="..\..\..\Utiles\lazarus\fpc\2.6.0\source\packages\fcl-db\src\base\db.pas"/>
        <UnitName Value="db"/>
        <WindowIndex Value="0"/>
        <TopLine Value="1282"/>
        <CursorPos X="3" Y="1264"/>
        <UsageCount Value="9"/>
      </Unit109>
      <Unit110>
        <Filename Value="frm_configuraciones.pas"/>
        <IsPartOfProject Value="True"/>
        <ComponentName Value="frmConfiguracion"/>
        <HasResources Value="True"/>
        <ResourceBaseClass Value="Form"/>
        <UnitName Value="frm_configuraciones"/>
        <WindowIndex Value="0"/>
        <TopLine Value="52"/>
        <CursorPos X="21" Y="55"/>
        <UsageCount Value="48"/>
      </Unit110>
      <Unit111>
        <Filename Value="frm_principal.lfm"/>
        <WindowIndex Value="0"/>
        <TopLine Value="1"/>
        <CursorPos X="1" Y="1"/>
        <UsageCount Value="9"/>
        <DefaultSyntaxHighlighter Value="LFM"/>
      </Unit111>
      <Unit112>
        <Filename Value="Z:\Utiles\lazComp\zeos\src\dbc\ZDbcInterbase6Utils.pas"/>
        <UnitName Value="ZDbcInterbase6Utils"/>
        <WindowIndex Value="0"/>
        <TopLine Value="835"/>
        <CursorPos X="1" Y="847"/>
        <UsageCount Value="10"/>
        <DefaultSyntaxHighlighter Value="Delphi"/>
      </Unit112>
      <Unit113>
        <Filename Value="Z:\Utiles\lazComp\zeos\src\component\ZAbstractRODataset.pas"/>
        <UnitName Value="ZAbstractRODataset"/>
        <WindowIndex Value="0"/>
        <TopLine Value="733"/>
        <CursorPos X="39" Y="750"/>
        <UsageCount Value="9"/>
        <DefaultSyntaxHighlighter Value="Delphi"/>
      </Unit113>
      <Unit114>
        <Filename Value="frm_ingresoslistado.pas"/>
        <IsPartOfProject Value="True"/>
        <ComponentName Value="frmIngresosListado"/>
        <HasResources Value="True"/>
        <ResourceBaseClass Value="Form"/>
        <UnitName Value="frm_ingresoslistado"/>
        <WindowIndex Value="0"/>
        <TopLine Value="14"/>
        <CursorPos X="29" Y="14"/>
        <UsageCount Value="35"/>
      </Unit114>
      <Unit115>
        <Filename Value="dmingresos.pas"/>
        <IsPartOfProject Value="True"/>
        <ComponentName Value="DM_Ingresos"/>
        <HasResources Value="True"/>
        <ResourceBaseClass Value="DataModule"/>
        <UnitName Value="dmingresos"/>
        <WindowIndex Value="0"/>
        <TopLine Value="1"/>
        <CursorPos X="59" Y="1"/>
        <UsageCount Value="35"/>
      </Unit115>
      <Unit116>
        <Filename Value="frm_ingresosae.pas"/>
        <IsPartOfProject Value="True"/>
        <ComponentName Value="frmIngresoAE"/>
        <HasResources Value="True"/>
        <ResourceBaseClass Value="Form"/>
        <UnitName Value="frm_ingresosae"/>
        <WindowIndex Value="0"/>
        <TopLine Value="1"/>
        <CursorPos X="93" Y="12"/>
        <UsageCount Value="35"/>
      </Unit116>
      <Unit117>
        <Filename Value="frm_reciboslistado.pas"/>
        <IsPartOfProject Value="True"/>
        <ComponentName Value="frmRecibosListado"/>
        <HasResources Value="True"/>
        <ResourceBaseClass Value="Form"/>
        <UnitName Value="frm_reciboslistado"/>
        <EditorIndex Value="1"/>
        <WindowIndex Value="0"/>
        <TopLine Value="53"/>
        <CursorPos X="21" Y="61"/>
        <UsageCount Value="33"/>
        <Loaded Value="True"/>
        <LoadedDesigner Value="True"/>
      </Unit117>
      <Unit118>
        <Filename Value="dmrecibos.pas"/>
        <IsPartOfProject Value="True"/>
        <ComponentName Value="DM_Recibos"/>
        <HasResources Value="True"/>
        <ResourceBaseClass Value="DataModule"/>
        <UnitName Value="dmrecibos"/>
        <EditorIndex Value="6"/>
        <WindowIndex Value="0"/>
        <TopLine Value="72"/>
        <CursorPos X="28" Y="78"/>
        <UsageCount Value="32"/>
        <Loaded Value="True"/>
        <LoadedDesigner Value="True"/>
      </Unit118>
      <Unit119>
        <Filename Value="frm_reciboae.pas"/>
        <IsPartOfProject Value="True"/>
        <ComponentName Value="frmRecibosAE"/>
        <HasResources Value="True"/>
        <ResourceBaseClass Value="Form"/>
        <UnitName Value="frm_reciboae"/>
        <EditorIndex Value="3"/>
        <WindowIndex Value="0"/>
        <TopLine Value="76"/>
        <CursorPos X="1" Y="81"/>
        <UsageCount Value="28"/>
        <Loaded Value="True"/>
        <LoadedDesigner Value="True"/>
      </Unit119>
      <Unit120>
        <Filename Value="frm_facturaae.pas"/>
        <IsPartOfProject Value="True"/>
        <ComponentName Value="frmFacturaAE"/>
        <ResourceBaseClass Value="Form"/>
        <UnitName Value="frm_facturaae"/>
        <EditorIndex Value="4"/>
        <WindowIndex Value="0"/>
        <TopLine Value="46"/>
        <CursorPos X="55" Y="57"/>
        <UsageCount Value="23"/>
        <Loaded Value="True"/>
        <LoadedDesigner Value="True"/>
      </Unit120>
      <Unit121>
        <Filename Value="dmfacturas.pas"/>
        <IsPartOfProject Value="True"/>
        <ComponentName Value="DM_Facturas"/>
        <ResourceBaseClass Value="DataModule"/>
        <UnitName Value="dmfacturas"/>
        <IsVisibleTab Value="True"/>
        <EditorIndex Value="5"/>
        <WindowIndex Value="0"/>
        <TopLine Value="7"/>
        <CursorPos X="133" Y="22"/>
        <UsageCount Value="23"/>
        <Loaded Value="True"/>
        <LoadedDesigner Value="True"/>
      </Unit121>
      <Unit122>
        <Filename Value="frm_facturaslistado.pas"/>
        <IsPartOfProject Value="True"/>
        <ComponentName Value="frmListadoFacturas"/>
        <ResourceBaseClass Value="Form"/>
        <UnitName Value="frm_facturaslistado"/>
        <EditorIndex Value="2"/>
        <WindowIndex Value="0"/>
        <TopLine Value="38"/>
        <CursorPos X="21" Y="51"/>
        <UsageCount Value="21"/>
        <Loaded Value="True"/>
        <LoadedDesigner Value="True"/>
      </Unit122>
    </Units>
    <JumpHistory Count="30" HistoryIndex="29">
      <Position1>
        <Filename Value="dmrecibos.pas"/>
        <Caret Line="87" Column="47" TopLine="65"/>
      </Position1>
      <Position2>
        <Filename Value="frm_reciboae.pas"/>
        <Caret Line="87" Column="14" TopLine="72"/>
      </Position2>
      <Position3>
        <Filename Value="frm_reciboae.pas"/>
        <Caret Line="99" Column="3" TopLine="92"/>
      </Position3>
      <Position4>
        <Filename Value="frm_reciboae.pas"/>
        <Caret Line="86" Column="35" TopLine="63"/>
      </Position4>
      <Position5>
        <Filename Value="frm_reciboae.pas"/>
        <Caret Line="82" Column="40" TopLine="66"/>
      </Position5>
      <Position6>
        <Filename Value="frm_clienteam.pas"/>
        <Caret Line="219" Column="47" TopLine="211"/>
      </Position6>
      <Position7>
        <Filename Value="frm_reciboae.pas"/>
        <Caret Line="82" Column="40" TopLine="66"/>
      </Position7>
      <Position8>
        <Filename Value="frm_reciboae.pas"/>
        <Caret Line="43" Column="56" TopLine="33"/>
      </Position8>
      <Position9>
        <Filename Value="frm_reciboae.pas"/>
        <Caret Line="44" Column="56" TopLine="33"/>
      </Position9>
      <Position10>
        <Filename Value="frm_reciboae.pas"/>
        <Caret Line="45" Column="56" TopLine="34"/>
      </Position10>
      <Position11>
        <Filename Value="frm_facturaae.pas"/>
        <Caret Line="9" Column="53" TopLine="1"/>
      </Position11>
      <Position12>
        <Filename Value="frm_facturaae.pas"/>
        <Caret Line="10" Column="53" TopLine="1"/>
      </Position12>
      <Position13>
        <Filename Value="frm_facturaae.pas"/>
        <Caret Line="4" Column="42" TopLine="1"/>
      </Position13>
      <Position14>
        <Filename Value="frm_facturaae.pas"/>
        <Caret Line="7" Column="31" TopLine="1"/>
      </Position14>
      <Position15>
        <Filename Value="frm_principal.pas"/>
        <Caret Line="178" Column="23" TopLine="153"/>
      </Position15>
      <Position16>
        <Filename Value="frm_principal.pas"/>
        <Caret Line="595" Column="1" TopLine="566"/>
      </Position16>
      <Position17>
        <Filename Value="frm_principal.pas"/>
        <Caret Line="208" Column="1" TopLine="206"/>
      </Position17>
      <Position18>
        <Filename Value="frm_facturaslistado.pas"/>
        <Caret Line="7" Column="50" TopLine="1"/>
      </Position18>
      <Position19>
        <Filename Value="frm_reciboslistado.pas"/>
        <Caret Line="67" Column="73" TopLine="45"/>
      </Position19>
      <Position20>
        <Filename Value="frm_facturaslistado.pas"/>
        <Caret Line="27" Column="52" TopLine="16"/>
      </Position20>
      <Position21>
        <Filename Value="frm_facturaae.pas"/>
        <Caret Line="55" Column="3" TopLine="35"/>
      </Position21>
      <Position22>
        <Filename Value="frm_reciboae.pas"/>
        <Caret Line="73" Column="49" TopLine="58"/>
      </Position22>
      <Position23>
        <Filename Value="frm_facturaae.pas"/>
        <Caret Line="76" Column="4" TopLine="46"/>
      </Position23>
      <Position24>
        <Filename Value="frm_facturaae.pas"/>
        <Caret Line="81" Column="4" TopLine="59"/>
      </Position24>
      <Position25>
        <Filename Value="dmfacturas.pas"/>
        <Caret Line="22" Column="27" TopLine="1"/>
      </Position25>
      <Position26>
        <Filename Value="frm_facturaslistado.pas"/>
        <Caret Line="45" Column="60" TopLine="33"/>
      </Position26>
      <Position27>
        <Filename Value="frm_reciboslistado.pas"/>
        <Caret Line="56" Column="3" TopLine="48"/>
      </Position27>
      <Position28>
        <Filename Value="dmfacturas.pas"/>
        <Caret Line="36" Column="3" TopLine="20"/>
      </Position28>
      <Position29>
        <Filename Value="dmfacturas.pas"/>
        <Caret Line="8" Column="59" TopLine="7"/>
      </Position29>
      <Position30>
        <Filename Value="dmfacturas.pas"/>
        <Caret Line="22" Column="133" TopLine="7"/>
      </Position30>
    </JumpHistory>
  </ProjectOptions>
  <CompilerOptions>
    <Version Value="11"/>
    <PathDelim Value="\"/>
    <Target>
      <Filename Value="gtv"/>
    </Target>
    <SearchPaths>
      <IncludeFiles Value="$(ProjOutDir)"/>
      <UnitOutputDirectory Value="lib\$(TargetCPU)-$(TargetOS)"/>
    </SearchPaths>
    <Linking>
      <Options>
        <Win32>
          <GraphicApplication Value="True"/>
        </Win32>
      </Options>
    </Linking>
    <Other>
      <CompilerMessages>
        <UseMsgFile Value="True"/>
      </CompilerMessages>
      <CompilerPath Value="$(CompPath)"/>
    </Other>
  </CompilerOptions>
  <Debugging>
    <Exceptions Count="3">
      <Item1>
        <Name Value="EAbort"/>
      </Item1>
      <Item2>
        <Name Value="ECodetoolError"/>
      </Item2>
      <Item3>
        <Name Value="EFOpenError"/>
      </Item3>
    </Exceptions>
  </Debugging>
</CONFIG>
